// !$*UTF8*$!
{
	archiveVersion = 1;
	classes = {
	};
	objectVersion = 46;
	objects = {

/* Begin PBXBuildFile section */
		22168898CBF910BFFEAA7FEF /* libPods-eIndberetningTests.a in Frameworks */ = {isa = PBXBuildFile; fileRef = 426CF6BBF325E3FB4DB06E05 /* libPods-eIndberetningTests.a */; };
		4FB4951C0F17A2C4B194CBA0 /* libPods-eIndberetning.a in Frameworks */ = {isa = PBXBuildFile; fileRef = 3BE76BE11595E36DB97832E5 /* libPods-eIndberetning.a */; };
		84A3F4851B69F6B2007C420C /* testUI.m in Sources */ = {isa = PBXBuildFile; fileRef = 84A3F4841B69F6B2007C420C /* testUI.m */; };
		84A3F48A1B69FEFA007C420C /* ViewController+helper.m in Sources */ = {isa = PBXBuildFile; fileRef = 84A3F4891B69FEFA007C420C /* ViewController+helper.m */; };
		A71D884B1BB8A4EB00F3415A /* SavedViewControllers.m in Sources */ = {isa = PBXBuildFile; fileRef = A71D884A1BB8A4EB00F3415A /* SavedViewControllers.m */; };
		A71D884E1BB8AB5F00F3415A /* SavedReportTableCellView.m in Sources */ = {isa = PBXBuildFile; fileRef = A71D884D1BB8AB5F00F3415A /* SavedReportTableCellView.m */; };
		A7534B0B1BB95F150042BB65 /* SavedReport.m in Sources */ = {isa = PBXBuildFile; fileRef = A7534B0A1BB95F150042BB65 /* SavedReport.m */; };
		A7534B101BB97EE70042BB65 /* SyncHelper.m in Sources */ = {isa = PBXBuildFile; fileRef = A7534B0F1BB97EE70042BB65 /* SyncHelper.m */; };
		A7534B131BB991550042BB65 /* Settings.m in Sources */ = {isa = PBXBuildFile; fileRef = A7534B121BB991550042BB65 /* Settings.m */; };
		A7534B171BB9BAF40042BB65 /* PopupSendDeleteViewController.m in Sources */ = {isa = PBXBuildFile; fileRef = A7534B151BB9BAF40042BB65 /* PopupSendDeleteViewController.m */; };
		A7534B181BB9BAF40042BB65 /* PopupSendDeleteViewController.xib in Resources */ = {isa = PBXBuildFile; fileRef = A7534B161BB9BAF40042BB65 /* PopupSendDeleteViewController.xib */; };
		A7BCD33C1BBAA87800FC3DB1 /* UIView+Toast.m in Sources */ = {isa = PBXBuildFile; fileRef = A7BCD33B1BBAA87800FC3DB1 /* UIView+Toast.m */; };
		A7BCD3401BBB171400FC3DB1 /* QuestionDialogViewController.m in Sources */ = {isa = PBXBuildFile; fileRef = A7BCD33E1BBB171400FC3DB1 /* QuestionDialogViewController.m */; };
		A7BCD3411BBB171400FC3DB1 /* QuestionDialogViewController.xib in Resources */ = {isa = PBXBuildFile; fileRef = A7BCD33F1BBB171400FC3DB1 /* QuestionDialogViewController.xib */; };
		DD49D5981E0972D9009C4222 /* Localizable.strings in Resources */ = {isa = PBXBuildFile; fileRef = DD49D59A1E0972D9009C4222 /* Localizable.strings */; };
		DD9AEFF81D0AE10D0004B734 /* EditFourKmRuleKmViewController.m in Sources */ = {isa = PBXBuildFile; fileRef = DD9AEFF71D0AE10D0004B734 /* EditFourKmRuleKmViewController.m */; };
		EF2373911BE8FDD9003601DE /* Default-568h@2x.png.PNG in Resources */ = {isa = PBXBuildFile; fileRef = EF2373901BE8FDD9003601DE /* Default-568h@2x.png.PNG */; };
		EFB817871C74A635000B9FFB /* Authorization.m in Sources */ = {isa = PBXBuildFile; fileRef = EFB817861C74A635000B9FFB /* Authorization.m */; };
		EFECF1511C70CB1600DAB4A3 /* UserLoginViewController.m in Sources */ = {isa = PBXBuildFile; fileRef = EFECF1501C70CB1600DAB4A3 /* UserLoginViewController.m */; };
		F51B35201A0F995D0098D76E /* PopupBaseViewController.m in Sources */ = {isa = PBXBuildFile; fileRef = F51B351F1A0F995D0098D76E /* PopupBaseViewController.m */; };
		F51B35241A0F9C8A0098D76E /* ConfirmDeleteViewController.m in Sources */ = {isa = PBXBuildFile; fileRef = F51B35221A0F9C8A0098D76E /* ConfirmDeleteViewController.m */; };
		F51B35251A0F9C8A0098D76E /* ConfirmDeleteViewController.xib in Resources */ = {isa = PBXBuildFile; fileRef = F51B35231A0F9C8A0098D76E /* ConfirmDeleteViewController.xib */; };
		F51B35291A0FA34A0098D76E /* ConfirmEndDriveViewController.m in Sources */ = {isa = PBXBuildFile; fileRef = F51B35271A0FA34A0098D76E /* ConfirmEndDriveViewController.m */; };
		F51B352A1A0FA34A0098D76E /* ConfirmEndDriveViewController.xib in Resources */ = {isa = PBXBuildFile; fileRef = F51B35281A0FA34A0098D76E /* ConfirmEndDriveViewController.xib */; };
		F52116071A3CE88300687AF8 /* JSONResponseSerializerWithData.m in Sources */ = {isa = PBXBuildFile; fileRef = F52116061A3CE88300687AF8 /* JSONResponseSerializerWithData.m */; };
		F521160B1A3CFD0100687AF8 /* CDRate.m in Sources */ = {isa = PBXBuildFile; fileRef = F521160A1A3CFD0100687AF8 /* CDRate.m */; };
		F537B4DE19FE4F5000D06892 /* SelectListTableViewController.m in Sources */ = {isa = PBXBuildFile; fileRef = F537B4DC19FE4F5000D06892 /* SelectListTableViewController.m */; };
		F537B4DF19FE4F5000D06892 /* SelectListTableViewController.xib in Resources */ = {isa = PBXBuildFile; fileRef = F537B4DD19FE4F5000D06892 /* SelectListTableViewController.xib */; };
		F537B4E319FE530A00D06892 /* SelectListTableViewCell.m in Sources */ = {isa = PBXBuildFile; fileRef = F537B4E119FE530A00D06892 /* SelectListTableViewCell.m */; };
		F537B4E419FE530A00D06892 /* SelectListTableViewCell.xib in Resources */ = {isa = PBXBuildFile; fileRef = F537B4E219FE530A00D06892 /* SelectListTableViewCell.xib */; };
		F537B4E919FE614600D06892 /* ErrorMsgViewController.m in Sources */ = {isa = PBXBuildFile; fileRef = F537B4E719FE614600D06892 /* ErrorMsgViewController.m */; };
		F537B4EA19FE614600D06892 /* ErrorMsgViewController.xib in Resources */ = {isa = PBXBuildFile; fileRef = F537B4E819FE614600D06892 /* ErrorMsgViewController.xib */; };
		F556A1061A081220007A17F3 /* Profile.m in Sources */ = {isa = PBXBuildFile; fileRef = F556A1051A081220007A17F3 /* Profile.m */; };
		F556A10C1A082C26007A17F3 /* SyncViewController.m in Sources */ = {isa = PBXBuildFile; fileRef = F556A10B1A082C26007A17F3 /* SyncViewController.m */; };
		F55932031A0FB42500C8139F /* UploadDriveViewController.m in Sources */ = {isa = PBXBuildFile; fileRef = F55932021A0FB42500C8139F /* UploadDriveViewController.m */; };
		F559C7AA1B25765300594F56 /* CheckMarkImageView.m in Sources */ = {isa = PBXBuildFile; fileRef = F559C7A91B25765300594F56 /* CheckMarkImageView.m */; };
		F5690EB819FF758B00B9C3B4 /* UIViewController+BackButton.m in Sources */ = {isa = PBXBuildFile; fileRef = F5690EB719FF758B00B9C3B4 /* UIViewController+BackButton.m */; };
		F5690EC019FF7C7500B9C3B4 /* AddPurposeTableViewCell.m in Sources */ = {isa = PBXBuildFile; fileRef = F5690EBE19FF7C7500B9C3B4 /* AddPurposeTableViewCell.m */; };
		F5690EC119FF7C7500B9C3B4 /* AddPurposeTableViewCell.xib in Resources */ = {isa = PBXBuildFile; fileRef = F5690EBF19FF7C7500B9C3B4 /* AddPurposeTableViewCell.xib */; };
		F5690ECA19FFC96200B9C3B4 /* eMobilityHTTPSClient.m in Sources */ = {isa = PBXBuildFile; fileRef = F5690EC919FFC96200B9C3B4 /* eMobilityHTTPSClient.m */; };
		F56E0A2419D2A40C00B6CA1F /* main.m in Sources */ = {isa = PBXBuildFile; fileRef = F56E0A2319D2A40C00B6CA1F /* main.m */; };
		F56E0A2719D2A40C00B6CA1F /* AppDelegate.m in Sources */ = {isa = PBXBuildFile; fileRef = F56E0A2619D2A40C00B6CA1F /* AppDelegate.m */; };
		F56E0A2A19D2A40C00B6CA1F /* eIndberetning.xcdatamodeld in Sources */ = {isa = PBXBuildFile; fileRef = F56E0A2819D2A40C00B6CA1F /* eIndberetning.xcdatamodeld */; };
		F56E0A2D19D2A40C00B6CA1F /* PairViewController.m in Sources */ = {isa = PBXBuildFile; fileRef = F56E0A2C19D2A40C00B6CA1F /* PairViewController.m */; };
		F56E0A3019D2A40C00B6CA1F /* Main.storyboard in Resources */ = {isa = PBXBuildFile; fileRef = F56E0A2E19D2A40C00B6CA1F /* Main.storyboard */; };
		F56E0A3219D2A40C00B6CA1F /* Images.xcassets in Resources */ = {isa = PBXBuildFile; fileRef = F56E0A3119D2A40C00B6CA1F /* Images.xcassets */; };
		F56E0A3519D2A40C00B6CA1F /* LaunchScreen.xib in Resources */ = {isa = PBXBuildFile; fileRef = F56E0A3319D2A40C00B6CA1F /* LaunchScreen.xib */; };
		F56E0A4119D2A40C00B6CA1F /* eIndberetningTests.m in Sources */ = {isa = PBXBuildFile; fileRef = F56E0A4019D2A40C00B6CA1F /* eIndberetningTests.m */; };
		F5824DF919E09F6C00F51353 /* StartDriveTableViewController.m in Sources */ = {isa = PBXBuildFile; fileRef = F5824DF819E09F6C00F51353 /* StartDriveTableViewController.m */; };
		F5824DFC19E09FB000F51353 /* UIColor+CustomColor.m in Sources */ = {isa = PBXBuildFile; fileRef = F5824DFB19E09FB000F51353 /* UIColor+CustomColor.m */; };
		F58EC09F19FE96C10010AC96 /* Rate.m in Sources */ = {isa = PBXBuildFile; fileRef = F58EC09E19FE96C10010AC96 /* Rate.m */; };
		F58EC0A219FE975D0010AC96 /* Employment.m in Sources */ = {isa = PBXBuildFile; fileRef = F58EC0A119FE975D0010AC96 /* Employment.m */; };
		F58EC0A519FE97BA0010AC96 /* DriveReport.m in Sources */ = {isa = PBXBuildFile; fileRef = F58EC0A419FE97BA0010AC96 /* DriveReport.m */; };
		F58EC0A819FE98600010AC96 /* Route.m in Sources */ = {isa = PBXBuildFile; fileRef = F58EC0A719FE98600010AC96 /* Route.m */; };
		F58EC0AB19FE98C60010AC96 /* GpsCoordinates.m in Sources */ = {isa = PBXBuildFile; fileRef = F58EC0AA19FE98C60010AC96 /* GpsCoordinates.m */; };
		F58EC0AE19FE99DC0010AC96 /* UserInfo.m in Sources */ = {isa = PBXBuildFile; fileRef = F58EC0AD19FE99DC0010AC96 /* UserInfo.m */; };
		F58EC0B219FEBEFF0010AC96 /* ManualEntryViewController.m in Sources */ = {isa = PBXBuildFile; fileRef = F58EC0B019FEBEFF0010AC96 /* ManualEntryViewController.m */; };
		F58EC0B319FEBEFF0010AC96 /* ManualEntryViewController.xib in Resources */ = {isa = PBXBuildFile; fileRef = F58EC0B119FEBEFF0010AC96 /* ManualEntryViewController.xib */; };
		F5AF892219E1BD0F00016826 /* DriveViewController.m in Sources */ = {isa = PBXBuildFile; fileRef = F5AF892119E1BD0F00016826 /* DriveViewController.m */; };
		F5AF892519E1C5CA00016826 /* FinishDriveTableViewController.m in Sources */ = {isa = PBXBuildFile; fileRef = F5AF892419E1C5CA00016826 /* FinishDriveTableViewController.m */; };
		F5C26E001A09624E004ACDA4 /* SelectPurposeListTableViewController.m in Sources */ = {isa = PBXBuildFile; fileRef = F5C26DFE1A09624E004ACDA4 /* SelectPurposeListTableViewController.m */; };
		F5C26E011A09624E004ACDA4 /* SelectPurposeListTableViewController.xib in Resources */ = {isa = PBXBuildFile; fileRef = F5C26DFF1A09624E004ACDA4 /* SelectPurposeListTableViewController.xib */; };
		F5C26E071A096CA6004ACDA4 /* CDPurpose.m in Sources */ = {isa = PBXBuildFile; fileRef = F5C26E061A096CA6004ACDA4 /* CDPurpose.m */; };
		F5C26E0A1A096ED0004ACDA4 /* Purpose.m in Sources */ = {isa = PBXBuildFile; fileRef = F5C26E091A096ED0004ACDA4 /* Purpose.m */; };
		F5D318111B22DACC00D09AD0 /* SelectMunicipalityViewController.m in Sources */ = {isa = PBXBuildFile; fileRef = F5D318101B22DACC00D09AD0 /* SelectMunicipalityViewController.m */; };
		F5D318141B22DF0A00D09AD0 /* AppInfo.m in Sources */ = {isa = PBXBuildFile; fileRef = F5D318131B22DF0A00D09AD0 /* AppInfo.m */; };
		F5E87BFA1A08C7230092E350 /* CDEmployment.m in Sources */ = {isa = PBXBuildFile; fileRef = F5E87BF91A08C7230092E350 /* CDEmployment.m */; };
		F5E87C001A08D1100092E350 /* CoreDataManager.m in Sources */ = {isa = PBXBuildFile; fileRef = F5E87BFF1A08D1100092E350 /* CoreDataManager.m */; };
		F5F55B2A1A266D3E00F193D0 /* GPSManager.m in Sources */ = {isa = PBXBuildFile; fileRef = F5F55B291A266D3E00F193D0 /* GPSManager.m */; };
/* End PBXBuildFile section */

/* Begin PBXContainerItemProxy section */
		F56E0A3B19D2A40C00B6CA1F /* PBXContainerItemProxy */ = {
			isa = PBXContainerItemProxy;
			containerPortal = F56E0A1619D2A40C00B6CA1F /* Project object */;
			proxyType = 1;
			remoteGlobalIDString = F56E0A1D19D2A40C00B6CA1F;
			remoteInfo = eIndberetning;
		};
/* End PBXContainerItemProxy section */

/* Begin PBXFileReference section */
		3BE76BE11595E36DB97832E5 /* libPods-eIndberetning.a */ = {isa = PBXFileReference; explicitFileType = archive.ar; includeInIndex = 0; path = "libPods-eIndberetning.a"; sourceTree = BUILT_PRODUCTS_DIR; };
		40284DD3F21736D054966BAF /* Pods-eIndberetning.debug.xcconfig */ = {isa = PBXFileReference; includeInIndex = 1; lastKnownFileType = text.xcconfig; name = "Pods-eIndberetning.debug.xcconfig"; path = "Pods/Target Support Files/Pods-eIndberetning/Pods-eIndberetning.debug.xcconfig"; sourceTree = "<group>"; };
		426CF6BBF325E3FB4DB06E05 /* libPods-eIndberetningTests.a */ = {isa = PBXFileReference; explicitFileType = archive.ar; includeInIndex = 0; path = "libPods-eIndberetningTests.a"; sourceTree = BUILT_PRODUCTS_DIR; };
		6B6E6A46174F818FA2063803 /* Pods-eIndberetningTests.debug.xcconfig */ = {isa = PBXFileReference; includeInIndex = 1; lastKnownFileType = text.xcconfig; name = "Pods-eIndberetningTests.debug.xcconfig"; path = "Pods/Target Support Files/Pods-eIndberetningTests/Pods-eIndberetningTests.debug.xcconfig"; sourceTree = "<group>"; };
		84A3F4841B69F6B2007C420C /* testUI.m */ = {isa = PBXFileReference; fileEncoding = 4; lastKnownFileType = sourcecode.c.objc; path = testUI.m; sourceTree = "<group>"; };
		84A3F4861B69FB1F007C420C /* testUI.h */ = {isa = PBXFileReference; lastKnownFileType = sourcecode.c.h; path = testUI.h; sourceTree = "<group>"; };
		84A3F4881B69FEFA007C420C /* ViewController+helper.h */ = {isa = PBXFileReference; fileEncoding = 4; lastKnownFileType = sourcecode.c.h; path = "ViewController+helper.h"; sourceTree = "<group>"; };
		84A3F4891B69FEFA007C420C /* ViewController+helper.m */ = {isa = PBXFileReference; fileEncoding = 4; lastKnownFileType = sourcecode.c.objc; path = "ViewController+helper.m"; sourceTree = "<group>"; };
		A71D88491BB8A4EB00F3415A /* SavedViewControllers.h */ = {isa = PBXFileReference; fileEncoding = 4; lastKnownFileType = sourcecode.c.h; path = SavedViewControllers.h; sourceTree = "<group>"; };
		A71D884A1BB8A4EB00F3415A /* SavedViewControllers.m */ = {isa = PBXFileReference; fileEncoding = 4; lastKnownFileType = sourcecode.c.objc; path = SavedViewControllers.m; sourceTree = "<group>"; };
		A71D884C1BB8AB5F00F3415A /* SavedReportTableCellView.h */ = {isa = PBXFileReference; fileEncoding = 4; lastKnownFileType = sourcecode.c.h; path = SavedReportTableCellView.h; sourceTree = "<group>"; };
		A71D884D1BB8AB5F00F3415A /* SavedReportTableCellView.m */ = {isa = PBXFileReference; fileEncoding = 4; lastKnownFileType = sourcecode.c.objc; path = SavedReportTableCellView.m; sourceTree = "<group>"; };
		A7534B091BB95F150042BB65 /* SavedReport.h */ = {isa = PBXFileReference; fileEncoding = 4; lastKnownFileType = sourcecode.c.h; path = SavedReport.h; sourceTree = "<group>"; };
		A7534B0A1BB95F150042BB65 /* SavedReport.m */ = {isa = PBXFileReference; fileEncoding = 4; lastKnownFileType = sourcecode.c.objc; path = SavedReport.m; sourceTree = "<group>"; };
		A7534B0E1BB97EE70042BB65 /* SyncHelper.h */ = {isa = PBXFileReference; fileEncoding = 4; lastKnownFileType = sourcecode.c.h; path = SyncHelper.h; sourceTree = "<group>"; };
		A7534B0F1BB97EE70042BB65 /* SyncHelper.m */ = {isa = PBXFileReference; fileEncoding = 4; lastKnownFileType = sourcecode.c.objc; path = SyncHelper.m; sourceTree = "<group>"; };
		A7534B111BB991550042BB65 /* Settings.h */ = {isa = PBXFileReference; fileEncoding = 4; lastKnownFileType = sourcecode.c.h; path = Settings.h; sourceTree = "<group>"; };
		A7534B121BB991550042BB65 /* Settings.m */ = {isa = PBXFileReference; fileEncoding = 4; lastKnownFileType = sourcecode.c.objc; path = Settings.m; sourceTree = "<group>"; };
		A7534B141BB9BAF40042BB65 /* PopupSendDeleteViewController.h */ = {isa = PBXFileReference; fileEncoding = 4; lastKnownFileType = sourcecode.c.h; path = PopupSendDeleteViewController.h; sourceTree = "<group>"; };
		A7534B151BB9BAF40042BB65 /* PopupSendDeleteViewController.m */ = {isa = PBXFileReference; fileEncoding = 4; lastKnownFileType = sourcecode.c.objc; path = PopupSendDeleteViewController.m; sourceTree = "<group>"; };
		A7534B161BB9BAF40042BB65 /* PopupSendDeleteViewController.xib */ = {isa = PBXFileReference; fileEncoding = 4; lastKnownFileType = file.xib; path = PopupSendDeleteViewController.xib; sourceTree = "<group>"; };
		A7BCD33A1BBAA87800FC3DB1 /* UIView+Toast.h */ = {isa = PBXFileReference; fileEncoding = 4; lastKnownFileType = sourcecode.c.h; path = "UIView+Toast.h"; sourceTree = "<group>"; };
		A7BCD33B1BBAA87800FC3DB1 /* UIView+Toast.m */ = {isa = PBXFileReference; fileEncoding = 4; lastKnownFileType = sourcecode.c.objc; path = "UIView+Toast.m"; sourceTree = "<group>"; };
		A7BCD33D1BBB171400FC3DB1 /* QuestionDialogViewController.h */ = {isa = PBXFileReference; fileEncoding = 4; lastKnownFileType = sourcecode.c.h; path = QuestionDialogViewController.h; sourceTree = "<group>"; };
		A7BCD33E1BBB171400FC3DB1 /* QuestionDialogViewController.m */ = {isa = PBXFileReference; fileEncoding = 4; lastKnownFileType = sourcecode.c.objc; path = QuestionDialogViewController.m; sourceTree = "<group>"; };
		A7BCD33F1BBB171400FC3DB1 /* QuestionDialogViewController.xib */ = {isa = PBXFileReference; fileEncoding = 4; lastKnownFileType = file.xib; path = QuestionDialogViewController.xib; sourceTree = "<group>"; };
		C0F2A3A2A6CB53EE4217B6F8 /* Pods-eIndberetning.release.xcconfig */ = {isa = PBXFileReference; includeInIndex = 1; lastKnownFileType = text.xcconfig; name = "Pods-eIndberetning.release.xcconfig"; path = "Pods/Target Support Files/Pods-eIndberetning/Pods-eIndberetning.release.xcconfig"; sourceTree = "<group>"; };
		DD49D5991E0972D9009C4222 /* Base */ = {isa = PBXFileReference; lastKnownFileType = text.plist.strings; name = Base; path = Base.lproj/Localizable.strings; sourceTree = "<group>"; };
		DD9AEFF61D0AE10D0004B734 /* EditFourKmRuleKmViewController.h */ = {isa = PBXFileReference; fileEncoding = 4; lastKnownFileType = sourcecode.c.h; path = EditFourKmRuleKmViewController.h; sourceTree = "<group>"; };
		DD9AEFF71D0AE10D0004B734 /* EditFourKmRuleKmViewController.m */ = {isa = PBXFileReference; fileEncoding = 4; lastKnownFileType = sourcecode.c.objc; path = EditFourKmRuleKmViewController.m; sourceTree = "<group>"; };
		E66C16032DB8724BF8B7FA3D /* Pods-eIndberetningTests.release.xcconfig */ = {isa = PBXFileReference; includeInIndex = 1; lastKnownFileType = text.xcconfig; name = "Pods-eIndberetningTests.release.xcconfig"; path = "Pods/Target Support Files/Pods-eIndberetningTests/Pods-eIndberetningTests.release.xcconfig"; sourceTree = "<group>"; };
		EF1C2A541C6372F600EB8A4B /* FourthLocation.gpx */ = {isa = PBXFileReference; lastKnownFileType = text.xml; path = FourthLocation.gpx; sourceTree = "<group>"; };
		EF2373901BE8FDD9003601DE /* Default-568h@2x.png.PNG */ = {isa = PBXFileReference; lastKnownFileType = image.png; path = "Default-568h@2x.png.PNG"; sourceTree = "<group>"; };
		EF9B6DB51BFA12E300347781 /* FirstLocationOS2.gpx */ = {isa = PBXFileReference; lastKnownFileType = text.xml; path = FirstLocationOS2.gpx; sourceTree = "<group>"; };
		EF9B6DB61BFA149200347781 /* SecondLocationOS2.gpx */ = {isa = PBXFileReference; lastKnownFileType = text.xml; path = SecondLocationOS2.gpx; sourceTree = "<group>"; };
		EFB817851C74A635000B9FFB /* Authorization.h */ = {isa = PBXFileReference; fileEncoding = 4; lastKnownFileType = sourcecode.c.h; path = Authorization.h; sourceTree = "<group>"; };
		EFB817861C74A635000B9FFB /* Authorization.m */ = {isa = PBXFileReference; fileEncoding = 4; lastKnownFileType = sourcecode.c.objc; path = Authorization.m; sourceTree = "<group>"; };
		EFDC624C1C9C3B6100BB8899 /* Silkeborg.gpx */ = {isa = PBXFileReference; lastKnownFileType = text.xml; path = Silkeborg.gpx; sourceTree = "<group>"; };
		EFECF14F1C70CB1600DAB4A3 /* UserLoginViewController.h */ = {isa = PBXFileReference; fileEncoding = 4; lastKnownFileType = sourcecode.c.h; path = UserLoginViewController.h; sourceTree = "<group>"; };
		EFECF1501C70CB1600DAB4A3 /* UserLoginViewController.m */ = {isa = PBXFileReference; fileEncoding = 4; lastKnownFileType = sourcecode.c.objc; path = UserLoginViewController.m; sourceTree = "<group>"; };
		EFFA75141C088D3B00B8172E /* ThirdLocationOS2.gpx */ = {isa = PBXFileReference; lastKnownFileType = text.xml; path = ThirdLocationOS2.gpx; sourceTree = "<group>"; };
		F51B351E1A0F995D0098D76E /* PopupBaseViewController.h */ = {isa = PBXFileReference; fileEncoding = 4; lastKnownFileType = sourcecode.c.h; path = PopupBaseViewController.h; sourceTree = "<group>"; };
		F51B351F1A0F995D0098D76E /* PopupBaseViewController.m */ = {isa = PBXFileReference; fileEncoding = 4; lastKnownFileType = sourcecode.c.objc; path = PopupBaseViewController.m; sourceTree = "<group>"; };
		F51B35211A0F9C8A0098D76E /* ConfirmDeleteViewController.h */ = {isa = PBXFileReference; fileEncoding = 4; lastKnownFileType = sourcecode.c.h; path = ConfirmDeleteViewController.h; sourceTree = "<group>"; };
		F51B35221A0F9C8A0098D76E /* ConfirmDeleteViewController.m */ = {isa = PBXFileReference; fileEncoding = 4; lastKnownFileType = sourcecode.c.objc; path = ConfirmDeleteViewController.m; sourceTree = "<group>"; };
		F51B35231A0F9C8A0098D76E /* ConfirmDeleteViewController.xib */ = {isa = PBXFileReference; fileEncoding = 4; lastKnownFileType = file.xib; path = ConfirmDeleteViewController.xib; sourceTree = "<group>"; };
		F51B35261A0FA34A0098D76E /* ConfirmEndDriveViewController.h */ = {isa = PBXFileReference; fileEncoding = 4; lastKnownFileType = sourcecode.c.h; path = ConfirmEndDriveViewController.h; sourceTree = "<group>"; };
		F51B35271A0FA34A0098D76E /* ConfirmEndDriveViewController.m */ = {isa = PBXFileReference; fileEncoding = 4; lastKnownFileType = sourcecode.c.objc; path = ConfirmEndDriveViewController.m; sourceTree = "<group>"; };
		F51B35281A0FA34A0098D76E /* ConfirmEndDriveViewController.xib */ = {isa = PBXFileReference; fileEncoding = 4; lastKnownFileType = file.xib; path = ConfirmEndDriveViewController.xib; sourceTree = "<group>"; };
		F52116051A3CE88300687AF8 /* JSONResponseSerializerWithData.h */ = {isa = PBXFileReference; fileEncoding = 4; lastKnownFileType = sourcecode.c.h; path = JSONResponseSerializerWithData.h; sourceTree = "<group>"; };
		F52116061A3CE88300687AF8 /* JSONResponseSerializerWithData.m */ = {isa = PBXFileReference; fileEncoding = 4; lastKnownFileType = sourcecode.c.objc; path = JSONResponseSerializerWithData.m; sourceTree = "<group>"; };
		F52116081A3CFC2900687AF8 /* eIndberetning 2.xcdatamodel */ = {isa = PBXFileReference; lastKnownFileType = wrapper.xcdatamodel; path = "eIndberetning 2.xcdatamodel"; sourceTree = "<group>"; };
		F52116091A3CFD0100687AF8 /* CDRate.h */ = {isa = PBXFileReference; fileEncoding = 4; lastKnownFileType = sourcecode.c.h; path = CDRate.h; sourceTree = "<group>"; };
		F521160A1A3CFD0100687AF8 /* CDRate.m */ = {isa = PBXFileReference; fileEncoding = 4; lastKnownFileType = sourcecode.c.objc; path = CDRate.m; sourceTree = "<group>"; };
		F537B4DB19FE4F5000D06892 /* SelectListTableViewController.h */ = {isa = PBXFileReference; fileEncoding = 4; lastKnownFileType = sourcecode.c.h; path = SelectListTableViewController.h; sourceTree = "<group>"; };
		F537B4DC19FE4F5000D06892 /* SelectListTableViewController.m */ = {isa = PBXFileReference; fileEncoding = 4; lastKnownFileType = sourcecode.c.objc; path = SelectListTableViewController.m; sourceTree = "<group>"; };
		F537B4DD19FE4F5000D06892 /* SelectListTableViewController.xib */ = {isa = PBXFileReference; fileEncoding = 4; lastKnownFileType = file.xib; path = SelectListTableViewController.xib; sourceTree = "<group>"; };
		F537B4E019FE530A00D06892 /* SelectListTableViewCell.h */ = {isa = PBXFileReference; fileEncoding = 4; lastKnownFileType = sourcecode.c.h; name = SelectListTableViewCell.h; path = ../SelectListTableViewCell.h; sourceTree = "<group>"; };
		F537B4E119FE530A00D06892 /* SelectListTableViewCell.m */ = {isa = PBXFileReference; fileEncoding = 4; lastKnownFileType = sourcecode.c.objc; name = SelectListTableViewCell.m; path = ../SelectListTableViewCell.m; sourceTree = "<group>"; };
		F537B4E219FE530A00D06892 /* SelectListTableViewCell.xib */ = {isa = PBXFileReference; fileEncoding = 4; lastKnownFileType = file.xib; name = SelectListTableViewCell.xib; path = ../SelectListTableViewCell.xib; sourceTree = "<group>"; };
		F537B4E619FE614600D06892 /* ErrorMsgViewController.h */ = {isa = PBXFileReference; fileEncoding = 4; lastKnownFileType = sourcecode.c.h; path = ErrorMsgViewController.h; sourceTree = "<group>"; };
		F537B4E719FE614600D06892 /* ErrorMsgViewController.m */ = {isa = PBXFileReference; fileEncoding = 4; lastKnownFileType = sourcecode.c.objc; path = ErrorMsgViewController.m; sourceTree = "<group>"; };
		F537B4E819FE614600D06892 /* ErrorMsgViewController.xib */ = {isa = PBXFileReference; fileEncoding = 4; lastKnownFileType = file.xib; path = ErrorMsgViewController.xib; sourceTree = "<group>"; };
		F556A1041A081220007A17F3 /* Profile.h */ = {isa = PBXFileReference; fileEncoding = 4; lastKnownFileType = sourcecode.c.h; path = Profile.h; sourceTree = "<group>"; };
		F556A1051A081220007A17F3 /* Profile.m */ = {isa = PBXFileReference; fileEncoding = 4; lastKnownFileType = sourcecode.c.objc; path = Profile.m; sourceTree = "<group>"; };
		F556A10A1A082C26007A17F3 /* SyncViewController.h */ = {isa = PBXFileReference; fileEncoding = 4; lastKnownFileType = sourcecode.c.h; path = SyncViewController.h; sourceTree = "<group>"; };
		F556A10B1A082C26007A17F3 /* SyncViewController.m */ = {isa = PBXFileReference; fileEncoding = 4; lastKnownFileType = sourcecode.c.objc; path = SyncViewController.m; sourceTree = "<group>"; };
		F55932011A0FB42500C8139F /* UploadDriveViewController.h */ = {isa = PBXFileReference; fileEncoding = 4; lastKnownFileType = sourcecode.c.h; path = UploadDriveViewController.h; sourceTree = "<group>"; };
		F55932021A0FB42500C8139F /* UploadDriveViewController.m */ = {isa = PBXFileReference; fileEncoding = 4; lastKnownFileType = sourcecode.c.objc; path = UploadDriveViewController.m; sourceTree = "<group>"; };
		F559C7A81B25765300594F56 /* CheckMarkImageView.h */ = {isa = PBXFileReference; fileEncoding = 4; lastKnownFileType = sourcecode.c.h; path = CheckMarkImageView.h; sourceTree = "<group>"; };
		F559C7A91B25765300594F56 /* CheckMarkImageView.m */ = {isa = PBXFileReference; fileEncoding = 4; lastKnownFileType = sourcecode.c.objc; path = CheckMarkImageView.m; sourceTree = "<group>"; };
		F5690EB619FF758B00B9C3B4 /* UIViewController+BackButton.h */ = {isa = PBXFileReference; fileEncoding = 4; lastKnownFileType = sourcecode.c.h; path = "UIViewController+BackButton.h"; sourceTree = "<group>"; };
		F5690EB719FF758B00B9C3B4 /* UIViewController+BackButton.m */ = {isa = PBXFileReference; fileEncoding = 4; lastKnownFileType = sourcecode.c.objc; path = "UIViewController+BackButton.m"; sourceTree = "<group>"; };
		F5690EBD19FF7C7500B9C3B4 /* AddPurposeTableViewCell.h */ = {isa = PBXFileReference; fileEncoding = 4; lastKnownFileType = sourcecode.c.h; path = AddPurposeTableViewCell.h; sourceTree = "<group>"; };
		F5690EBE19FF7C7500B9C3B4 /* AddPurposeTableViewCell.m */ = {isa = PBXFileReference; fileEncoding = 4; lastKnownFileType = sourcecode.c.objc; path = AddPurposeTableViewCell.m; sourceTree = "<group>"; };
		F5690EBF19FF7C7500B9C3B4 /* AddPurposeTableViewCell.xib */ = {isa = PBXFileReference; fileEncoding = 4; lastKnownFileType = file.xib; path = AddPurposeTableViewCell.xib; sourceTree = "<group>"; };
		F5690EC819FFC96200B9C3B4 /* eMobilityHTTPSClient.h */ = {isa = PBXFileReference; fileEncoding = 4; lastKnownFileType = sourcecode.c.h; path = eMobilityHTTPSClient.h; sourceTree = "<group>"; };
		F5690EC919FFC96200B9C3B4 /* eMobilityHTTPSClient.m */ = {isa = PBXFileReference; fileEncoding = 4; lastKnownFileType = sourcecode.c.objc; path = eMobilityHTTPSClient.m; sourceTree = "<group>"; };
		F56E0A1E19D2A40C00B6CA1F /* eIndberetning.app */ = {isa = PBXFileReference; explicitFileType = wrapper.application; includeInIndex = 0; path = eIndberetning.app; sourceTree = BUILT_PRODUCTS_DIR; };
		F56E0A2219D2A40C00B6CA1F /* Info.plist */ = {isa = PBXFileReference; lastKnownFileType = text.plist.xml; path = Info.plist; sourceTree = "<group>"; };
		F56E0A2319D2A40C00B6CA1F /* main.m */ = {isa = PBXFileReference; lastKnownFileType = sourcecode.c.objc; path = main.m; sourceTree = "<group>"; };
		F56E0A2519D2A40C00B6CA1F /* AppDelegate.h */ = {isa = PBXFileReference; lastKnownFileType = sourcecode.c.h; path = AppDelegate.h; sourceTree = "<group>"; };
		F56E0A2619D2A40C00B6CA1F /* AppDelegate.m */ = {isa = PBXFileReference; lastKnownFileType = sourcecode.c.objc; path = AppDelegate.m; sourceTree = "<group>"; };
		F56E0A2919D2A40C00B6CA1F /* eIndberetning.xcdatamodel */ = {isa = PBXFileReference; lastKnownFileType = wrapper.xcdatamodel; path = eIndberetning.xcdatamodel; sourceTree = "<group>"; };
		F56E0A2B19D2A40C00B6CA1F /* PairViewController.h */ = {isa = PBXFileReference; lastKnownFileType = sourcecode.c.h; path = PairViewController.h; sourceTree = "<group>"; };
		F56E0A2C19D2A40C00B6CA1F /* PairViewController.m */ = {isa = PBXFileReference; lastKnownFileType = sourcecode.c.objc; path = PairViewController.m; sourceTree = "<group>"; };
		F56E0A2F19D2A40C00B6CA1F /* Base */ = {isa = PBXFileReference; lastKnownFileType = file.storyboard; name = Base; path = Base.lproj/Main.storyboard; sourceTree = "<group>"; };
		F56E0A3119D2A40C00B6CA1F /* Images.xcassets */ = {isa = PBXFileReference; lastKnownFileType = folder.assetcatalog; path = Images.xcassets; sourceTree = "<group>"; };
		F56E0A3419D2A40C00B6CA1F /* Base */ = {isa = PBXFileReference; lastKnownFileType = file.xib; name = Base; path = Base.lproj/LaunchScreen.xib; sourceTree = "<group>"; };
		F56E0A3A19D2A40C00B6CA1F /* eIndberetningTests.xctest */ = {isa = PBXFileReference; explicitFileType = wrapper.cfbundle; includeInIndex = 0; path = eIndberetningTests.xctest; sourceTree = BUILT_PRODUCTS_DIR; };
		F56E0A3F19D2A40C00B6CA1F /* Info.plist */ = {isa = PBXFileReference; lastKnownFileType = text.plist.xml; path = Info.plist; sourceTree = "<group>"; };
		F56E0A4019D2A40C00B6CA1F /* eIndberetningTests.m */ = {isa = PBXFileReference; lastKnownFileType = sourcecode.c.objc; path = eIndberetningTests.m; sourceTree = "<group>"; };
		F5824DF719E09F6C00F51353 /* StartDriveTableViewController.h */ = {isa = PBXFileReference; fileEncoding = 4; lastKnownFileType = sourcecode.c.h; path = StartDriveTableViewController.h; sourceTree = "<group>"; };
		F5824DF819E09F6C00F51353 /* StartDriveTableViewController.m */ = {isa = PBXFileReference; fileEncoding = 4; lastKnownFileType = sourcecode.c.objc; path = StartDriveTableViewController.m; sourceTree = "<group>"; };
		F5824DFA19E09FB000F51353 /* UIColor+CustomColor.h */ = {isa = PBXFileReference; fileEncoding = 4; lastKnownFileType = sourcecode.c.h; path = "UIColor+CustomColor.h"; sourceTree = "<group>"; };
		F5824DFB19E09FB000F51353 /* UIColor+CustomColor.m */ = {isa = PBXFileReference; fileEncoding = 4; lastKnownFileType = sourcecode.c.objc; path = "UIColor+CustomColor.m"; sourceTree = "<group>"; };
		F58EC09D19FE96C10010AC96 /* Rate.h */ = {isa = PBXFileReference; fileEncoding = 4; lastKnownFileType = sourcecode.c.h; path = Rate.h; sourceTree = "<group>"; };
		F58EC09E19FE96C10010AC96 /* Rate.m */ = {isa = PBXFileReference; fileEncoding = 4; lastKnownFileType = sourcecode.c.objc; path = Rate.m; sourceTree = "<group>"; };
		F58EC0A019FE975D0010AC96 /* Employment.h */ = {isa = PBXFileReference; fileEncoding = 4; lastKnownFileType = sourcecode.c.h; path = Employment.h; sourceTree = "<group>"; };
		F58EC0A119FE975D0010AC96 /* Employment.m */ = {isa = PBXFileReference; fileEncoding = 4; lastKnownFileType = sourcecode.c.objc; path = Employment.m; sourceTree = "<group>"; };
		F58EC0A319FE97BA0010AC96 /* DriveReport.h */ = {isa = PBXFileReference; fileEncoding = 4; lastKnownFileType = sourcecode.c.h; path = DriveReport.h; sourceTree = "<group>"; };
		F58EC0A419FE97BA0010AC96 /* DriveReport.m */ = {isa = PBXFileReference; fileEncoding = 4; lastKnownFileType = sourcecode.c.objc; path = DriveReport.m; sourceTree = "<group>"; };
		F58EC0A619FE98600010AC96 /* Route.h */ = {isa = PBXFileReference; fileEncoding = 4; lastKnownFileType = sourcecode.c.h; path = Route.h; sourceTree = "<group>"; };
		F58EC0A719FE98600010AC96 /* Route.m */ = {isa = PBXFileReference; fileEncoding = 4; lastKnownFileType = sourcecode.c.objc; path = Route.m; sourceTree = "<group>"; };
		F58EC0A919FE98C60010AC96 /* GpsCoordinates.h */ = {isa = PBXFileReference; fileEncoding = 4; lastKnownFileType = sourcecode.c.h; path = GpsCoordinates.h; sourceTree = "<group>"; };
		F58EC0AA19FE98C60010AC96 /* GpsCoordinates.m */ = {isa = PBXFileReference; fileEncoding = 4; lastKnownFileType = sourcecode.c.objc; path = GpsCoordinates.m; sourceTree = "<group>"; };
		F58EC0AC19FE99DC0010AC96 /* UserInfo.h */ = {isa = PBXFileReference; fileEncoding = 4; lastKnownFileType = sourcecode.c.h; path = UserInfo.h; sourceTree = "<group>"; };
		F58EC0AD19FE99DC0010AC96 /* UserInfo.m */ = {isa = PBXFileReference; fileEncoding = 4; lastKnownFileType = sourcecode.c.objc; path = UserInfo.m; sourceTree = "<group>"; };
		F58EC0AF19FEBEFF0010AC96 /* ManualEntryViewController.h */ = {isa = PBXFileReference; fileEncoding = 4; lastKnownFileType = sourcecode.c.h; path = ManualEntryViewController.h; sourceTree = "<group>"; };
		F58EC0B019FEBEFF0010AC96 /* ManualEntryViewController.m */ = {isa = PBXFileReference; fileEncoding = 4; lastKnownFileType = sourcecode.c.objc; path = ManualEntryViewController.m; sourceTree = "<group>"; };
		F58EC0B119FEBEFF0010AC96 /* ManualEntryViewController.xib */ = {isa = PBXFileReference; fileEncoding = 4; lastKnownFileType = file.xib; path = ManualEntryViewController.xib; sourceTree = "<group>"; };
		F5AF892019E1BD0F00016826 /* DriveViewController.h */ = {isa = PBXFileReference; fileEncoding = 4; lastKnownFileType = sourcecode.c.h; path = DriveViewController.h; sourceTree = "<group>"; };
		F5AF892119E1BD0F00016826 /* DriveViewController.m */ = {isa = PBXFileReference; fileEncoding = 4; lastKnownFileType = sourcecode.c.objc; path = DriveViewController.m; sourceTree = "<group>"; };
		F5AF892319E1C5CA00016826 /* FinishDriveTableViewController.h */ = {isa = PBXFileReference; fileEncoding = 4; lastKnownFileType = sourcecode.c.h; path = FinishDriveTableViewController.h; sourceTree = "<group>"; };
		F5AF892419E1C5CA00016826 /* FinishDriveTableViewController.m */ = {isa = PBXFileReference; fileEncoding = 4; lastKnownFileType = sourcecode.c.objc; path = FinishDriveTableViewController.m; sourceTree = "<group>"; };
		F5C26DFD1A09624E004ACDA4 /* SelectPurposeListTableViewController.h */ = {isa = PBXFileReference; fileEncoding = 4; lastKnownFileType = sourcecode.c.h; path = SelectPurposeListTableViewController.h; sourceTree = "<group>"; };
		F5C26DFE1A09624E004ACDA4 /* SelectPurposeListTableViewController.m */ = {isa = PBXFileReference; fileEncoding = 4; lastKnownFileType = sourcecode.c.objc; path = SelectPurposeListTableViewController.m; sourceTree = "<group>"; };
		F5C26DFF1A09624E004ACDA4 /* SelectPurposeListTableViewController.xib */ = {isa = PBXFileReference; fileEncoding = 4; lastKnownFileType = file.xib; path = SelectPurposeListTableViewController.xib; sourceTree = "<group>"; };
		F5C26E051A096CA6004ACDA4 /* CDPurpose.h */ = {isa = PBXFileReference; fileEncoding = 4; lastKnownFileType = sourcecode.c.h; path = CDPurpose.h; sourceTree = "<group>"; };
		F5C26E061A096CA6004ACDA4 /* CDPurpose.m */ = {isa = PBXFileReference; fileEncoding = 4; lastKnownFileType = sourcecode.c.objc; path = CDPurpose.m; sourceTree = "<group>"; };
		F5C26E081A096ED0004ACDA4 /* Purpose.h */ = {isa = PBXFileReference; fileEncoding = 4; lastKnownFileType = sourcecode.c.h; path = Purpose.h; sourceTree = "<group>"; };
		F5C26E091A096ED0004ACDA4 /* Purpose.m */ = {isa = PBXFileReference; fileEncoding = 4; lastKnownFileType = sourcecode.c.objc; path = Purpose.m; sourceTree = "<group>"; };
		F5D3180F1B22DACC00D09AD0 /* SelectMunicipalityViewController.h */ = {isa = PBXFileReference; fileEncoding = 4; lastKnownFileType = sourcecode.c.h; path = SelectMunicipalityViewController.h; sourceTree = "<group>"; };
		F5D318101B22DACC00D09AD0 /* SelectMunicipalityViewController.m */ = {isa = PBXFileReference; fileEncoding = 4; lastKnownFileType = sourcecode.c.objc; path = SelectMunicipalityViewController.m; sourceTree = "<group>"; };
		F5D318121B22DF0A00D09AD0 /* AppInfo.h */ = {isa = PBXFileReference; fileEncoding = 4; lastKnownFileType = sourcecode.c.h; path = AppInfo.h; sourceTree = "<group>"; };
		F5D318131B22DF0A00D09AD0 /* AppInfo.m */ = {isa = PBXFileReference; fileEncoding = 4; lastKnownFileType = sourcecode.c.objc; path = AppInfo.m; sourceTree = "<group>"; };
		F5E87BF81A08C7230092E350 /* CDEmployment.h */ = {isa = PBXFileReference; fileEncoding = 4; lastKnownFileType = sourcecode.c.h; name = CDEmployment.h; path = ../CDEmployment.h; sourceTree = "<group>"; };
		F5E87BF91A08C7230092E350 /* CDEmployment.m */ = {isa = PBXFileReference; fileEncoding = 4; lastKnownFileType = sourcecode.c.objc; name = CDEmployment.m; path = ../CDEmployment.m; sourceTree = "<group>"; };
		F5E87BFE1A08D1100092E350 /* CoreDataManager.h */ = {isa = PBXFileReference; fileEncoding = 4; lastKnownFileType = sourcecode.c.h; path = CoreDataManager.h; sourceTree = "<group>"; };
		F5E87BFF1A08D1100092E350 /* CoreDataManager.m */ = {isa = PBXFileReference; fileEncoding = 4; lastKnownFileType = sourcecode.c.objc; path = CoreDataManager.m; sourceTree = "<group>"; };
		F5F55B281A266D3E00F193D0 /* GPSManager.h */ = {isa = PBXFileReference; fileEncoding = 4; lastKnownFileType = sourcecode.c.h; path = GPSManager.h; sourceTree = "<group>"; };
		F5F55B291A266D3E00F193D0 /* GPSManager.m */ = {isa = PBXFileReference; fileEncoding = 4; lastKnownFileType = sourcecode.c.objc; path = GPSManager.m; sourceTree = "<group>"; };
/* End PBXFileReference section */

/* Begin PBXFrameworksBuildPhase section */
		F56E0A1B19D2A40C00B6CA1F /* Frameworks */ = {
			isa = PBXFrameworksBuildPhase;
			buildActionMask = 2147483647;
			files = (
				4FB4951C0F17A2C4B194CBA0 /* libPods-eIndberetning.a in Frameworks */,
			);
			runOnlyForDeploymentPostprocessing = 0;
		};
		F56E0A3719D2A40C00B6CA1F /* Frameworks */ = {
			isa = PBXFrameworksBuildPhase;
			buildActionMask = 2147483647;
			files = (
				22168898CBF910BFFEAA7FEF /* libPods-eIndberetningTests.a in Frameworks */,
			);
			runOnlyForDeploymentPostprocessing = 0;
		};
/* End PBXFrameworksBuildPhase section */

/* Begin PBXGroup section */
		21290871CE28B04F083DE621 /* Pods */ = {
			isa = PBXGroup;
			children = (
				6B6E6A46174F818FA2063803 /* Pods-eIndberetningTests.debug.xcconfig */,
				E66C16032DB8724BF8B7FA3D /* Pods-eIndberetningTests.release.xcconfig */,
				40284DD3F21736D054966BAF /* Pods-eIndberetning.debug.xcconfig */,
				C0F2A3A2A6CB53EE4217B6F8 /* Pods-eIndberetning.release.xcconfig */,
			);
			name = Pods;
			sourceTree = "<group>";
		};
		A71D88481BB8A4CA00F3415A /* saved reports */ = {
			isa = PBXGroup;
			children = (
				A71D88491BB8A4EB00F3415A /* SavedViewControllers.h */,
				A71D884A1BB8A4EB00F3415A /* SavedViewControllers.m */,
			);
			name = "saved reports";
			sourceTree = "<group>";
		};
		A7534B081BB95F060042BB65 /* savedRepots */ = {
			isa = PBXGroup;
			children = (
				A7534B091BB95F150042BB65 /* SavedReport.h */,
				A7534B0A1BB95F150042BB65 /* SavedReport.m */,
			);
			name = savedRepots;
			sourceTree = "<group>";
		};
		A7534B0C1BB973580042BB65 /* server */ = {
			isa = PBXGroup;
			children = (
				F52116051A3CE88300687AF8 /* JSONResponseSerializerWithData.h */,
				F52116061A3CE88300687AF8 /* JSONResponseSerializerWithData.m */,
				F5690EC819FFC96200B9C3B4 /* eMobilityHTTPSClient.h */,
				F5690EC919FFC96200B9C3B4 /* eMobilityHTTPSClient.m */,
				A7534B0E1BB97EE70042BB65 /* SyncHelper.h */,
				A7534B0F1BB97EE70042BB65 /* SyncHelper.m */,
			);
			name = server;
			sourceTree = "<group>";
		};
		A7534B0D1BB9735B0042BB65 /* gps */ = {
			isa = PBXGroup;
			children = (
				F5F55B281A266D3E00F193D0 /* GPSManager.h */,
				F5F55B291A266D3E00F193D0 /* GPSManager.m */,
			);
			name = gps;
			sourceTree = "<group>";
		};
		A7BCD3391BBAA86200FC3DB1 /* category */ = {
			isa = PBXGroup;
			children = (
				A7BCD33A1BBAA87800FC3DB1 /* UIView+Toast.h */,
				A7BCD33B1BBAA87800FC3DB1 /* UIView+Toast.m */,
			);
			name = category;
			sourceTree = "<group>";
		};
		DD0EFB51172F72F10EEB272C /* Frameworks */ = {
			isa = PBXGroup;
			children = (
				426CF6BBF325E3FB4DB06E05 /* libPods-eIndberetningTests.a */,
				3BE76BE11595E36DB97832E5 /* libPods-eIndberetning.a */,
			);
			name = Frameworks;
			sourceTree = "<group>";
		};
		EF810C991C79D89500DE3820 /* PairPhone */ = {
			isa = PBXGroup;
			children = (
				F56E0A2B19D2A40C00B6CA1F /* PairViewController.h */,
				F56E0A2C19D2A40C00B6CA1F /* PairViewController.m */,
			);
			name = PairPhone;
			sourceTree = "<group>";
		};
		EFB817831C74A546000B9FFB /* user */ = {
			isa = PBXGroup;
			children = (
				F58EC09D19FE96C10010AC96 /* Rate.h */,
				F58EC09E19FE96C10010AC96 /* Rate.m */,
				F556A1041A081220007A17F3 /* Profile.h */,
				F556A1051A081220007A17F3 /* Profile.m */,
				F58EC0AC19FE99DC0010AC96 /* UserInfo.h */,
				F58EC0AD19FE99DC0010AC96 /* UserInfo.m */,
				F58EC0A019FE975D0010AC96 /* Employment.h */,
				F58EC0A119FE975D0010AC96 /* Employment.m */,
				EFB817851C74A635000B9FFB /* Authorization.h */,
				EFB817861C74A635000B9FFB /* Authorization.m */,
			);
			name = user;
			sourceTree = "<group>";
		};
		EFECF14E1C70CAEC00DAB4A3 /* UserLogin */ = {
			isa = PBXGroup;
			children = (
				EFECF14F1C70CB1600DAB4A3 /* UserLoginViewController.h */,
				EFECF1501C70CB1600DAB4A3 /* UserLoginViewController.m */,
			);
			name = UserLogin;
			sourceTree = "<group>";
		};
		F51B351D1A0F98BB0098D76E /* PopupMessage */ = {
			isa = PBXGroup;
			children = (
				F537B4E619FE614600D06892 /* ErrorMsgViewController.h */,
				F537B4E719FE614600D06892 /* ErrorMsgViewController.m */,
				F537B4E819FE614600D06892 /* ErrorMsgViewController.xib */,
				F51B351E1A0F995D0098D76E /* PopupBaseViewController.h */,
				F51B351F1A0F995D0098D76E /* PopupBaseViewController.m */,
				F51B35211A0F9C8A0098D76E /* ConfirmDeleteViewController.h */,
				F51B35221A0F9C8A0098D76E /* ConfirmDeleteViewController.m */,
				F51B35231A0F9C8A0098D76E /* ConfirmDeleteViewController.xib */,
				F51B35261A0FA34A0098D76E /* ConfirmEndDriveViewController.h */,
				A7BCD33D1BBB171400FC3DB1 /* QuestionDialogViewController.h */,
				A7BCD33E1BBB171400FC3DB1 /* QuestionDialogViewController.m */,
				A7BCD33F1BBB171400FC3DB1 /* QuestionDialogViewController.xib */,
				F51B35271A0FA34A0098D76E /* ConfirmEndDriveViewController.m */,
				F51B35281A0FA34A0098D76E /* ConfirmEndDriveViewController.xib */,
				A7534B141BB9BAF40042BB65 /* PopupSendDeleteViewController.h */,
				A7534B151BB9BAF40042BB65 /* PopupSendDeleteViewController.m */,
				A7534B161BB9BAF40042BB65 /* PopupSendDeleteViewController.xib */,
			);
			name = PopupMessage;
			sourceTree = "<group>";
		};
		F537B4E519FE531600D06892 /* Select List */ = {
			isa = PBXGroup;
			children = (
				F537B4DB19FE4F5000D06892 /* SelectListTableViewController.h */,
				F537B4DC19FE4F5000D06892 /* SelectListTableViewController.m */,
				F537B4DD19FE4F5000D06892 /* SelectListTableViewController.xib */,
				F537B4E019FE530A00D06892 /* SelectListTableViewCell.h */,
				F537B4E119FE530A00D06892 /* SelectListTableViewCell.m */,
				F537B4E219FE530A00D06892 /* SelectListTableViewCell.xib */,
			);
			name = "Select List";
			sourceTree = "<group>";
		};
		F559C7A71B25763600594F56 /* Views */ = {
			isa = PBXGroup;
			children = (
				F559C7A81B25765300594F56 /* CheckMarkImageView.h */,
				F559C7A91B25765300594F56 /* CheckMarkImageView.m */,
				A71D884C1BB8AB5F00F3415A /* SavedReportTableCellView.h */,
				A71D884D1BB8AB5F00F3415A /* SavedReportTableCellView.m */,
			);
			name = Views;
			sourceTree = "<group>";
		};
		F5690EB219FF737000B9C3B4 /* Categories */ = {
			isa = PBXGroup;
			children = (
				F5690EB619FF758B00B9C3B4 /* UIViewController+BackButton.h */,
				F5690EB719FF758B00B9C3B4 /* UIViewController+BackButton.m */,
			);
			name = Categories;
			sourceTree = "<group>";
		};
		F5690EBC19FF7A6000B9C3B4 /* CoreData */ = {
			isa = PBXGroup;
			children = (
				F5E87BFE1A08D1100092E350 /* CoreDataManager.h */,
				F5E87BFF1A08D1100092E350 /* CoreDataManager.m */,
				F52116091A3CFD0100687AF8 /* CDRate.h */,
				F521160A1A3CFD0100687AF8 /* CDRate.m */,
				F5C26E051A096CA6004ACDA4 /* CDPurpose.h */,
				F5C26E061A096CA6004ACDA4 /* CDPurpose.m */,
				F5E87BF81A08C7230092E350 /* CDEmployment.h */,
				F5E87BF91A08C7230092E350 /* CDEmployment.m */,
			);
			name = CoreData;
			sourceTree = "<group>";
		};
		F56E0A1519D2A40C00B6CA1F = {
			isa = PBXGroup;
			children = (
				EFDC624C1C9C3B6100BB8899 /* Silkeborg.gpx */,
				EF1C2A541C6372F600EB8A4B /* FourthLocation.gpx */,
				EFFA75141C088D3B00B8172E /* ThirdLocationOS2.gpx */,
				EF9B6DB61BFA149200347781 /* SecondLocationOS2.gpx */,
				EF9B6DB51BFA12E300347781 /* FirstLocationOS2.gpx */,
				EF2373901BE8FDD9003601DE /* Default-568h@2x.png.PNG */,
				F56E0A2019D2A40C00B6CA1F /* eIndberetning */,
				F56E0A3D19D2A40C00B6CA1F /* eIndberetningTests */,
				21290871CE28B04F083DE621 /* Pods */,
				DD0EFB51172F72F10EEB272C /* Frameworks */,
			);
			sourceTree = "<group>";
		};
		F56E0A1F19D2A40C00B6CA1F /* Products */ = {
			isa = PBXGroup;
			children = (
				F56E0A1E19D2A40C00B6CA1F /* eIndberetning.app */,
				F56E0A3A19D2A40C00B6CA1F /* eIndberetningTests.xctest */,
			);
			name = Products;
			path = ..;
			sourceTree = "<group>";
		};
		F56E0A2019D2A40C00B6CA1F /* eIndberetning */ = {
			isa = PBXGroup;
			children = (
				A7BCD3391BBAA86200FC3DB1 /* category */,
				F559C7A71B25763600594F56 /* Views */,
				F5690EB219FF737000B9C3B4 /* Categories */,
				F58EC09C19FE96A80010AC96 /* Model */,
				A7534B0C1BB973580042BB65 /* server */,
				F56E0A4A19D2A43800B6CA1F /* ViewControllers */,
				F56E0A2E19D2A40C00B6CA1F /* Main.storyboard */,
				F56E0A4B19D2A44500B6CA1F /* Images */,
				F56E0A2119D2A40C00B6CA1F /* Supporting Files */,
				F5824DFD19E09FB400F51353 /* Extension */,
			);
			path = eIndberetning;
			sourceTree = "<group>";
		};
		F56E0A2119D2A40C00B6CA1F /* Supporting Files */ = {
			isa = PBXGroup;
			children = (
				F56E0A2519D2A40C00B6CA1F /* AppDelegate.h */,
				F56E0A2619D2A40C00B6CA1F /* AppDelegate.m */,
				F56E0A3319D2A40C00B6CA1F /* LaunchScreen.xib */,
				F56E0A2819D2A40C00B6CA1F /* eIndberetning.xcdatamodeld */,
				F56E0A2219D2A40C00B6CA1F /* Info.plist */,
				F56E0A2319D2A40C00B6CA1F /* main.m */,
				DD49D59A1E0972D9009C4222 /* Localizable.strings */,
			);
			name = "Supporting Files";
			sourceTree = "<group>";
		};
		F56E0A3D19D2A40C00B6CA1F /* eIndberetningTests */ = {
			isa = PBXGroup;
			children = (
				F56E0A4019D2A40C00B6CA1F /* eIndberetningTests.m */,
				F56E0A3E19D2A40C00B6CA1F /* Supporting Files */,
				84A3F4861B69FB1F007C420C /* testUI.h */,
				84A3F4841B69F6B2007C420C /* testUI.m */,
			);
			path = eIndberetningTests;
			sourceTree = "<group>";
		};
		F56E0A3E19D2A40C00B6CA1F /* Supporting Files */ = {
			isa = PBXGroup;
			children = (
				F56E0A1F19D2A40C00B6CA1F /* Products */,
				F56E0A3F19D2A40C00B6CA1F /* Info.plist */,
			);
			name = "Supporting Files";
			sourceTree = "<group>";
		};
		F56E0A4A19D2A43800B6CA1F /* ViewControllers */ = {
			isa = PBXGroup;
			children = (
				EF810C991C79D89500DE3820 /* PairPhone */,
				EFECF14E1C70CAEC00DAB4A3 /* UserLogin */,
				A71D88481BB8A4CA00F3415A /* saved reports */,
				F5D3180B1B22DA8500D09AD0 /* SelectMunicipality */,
				F537B4E519FE531600D06892 /* Select List */,
				F5C26DFC1A09620E004ACDA4 /* Select Purpose List */,
				F5824DF719E09F6C00F51353 /* StartDriveTableViewController.h */,
				F5824DF819E09F6C00F51353 /* StartDriveTableViewController.m */,
				F5AF892019E1BD0F00016826 /* DriveViewController.h */,
				F5AF892119E1BD0F00016826 /* DriveViewController.m */,
				F5AF892319E1C5CA00016826 /* FinishDriveTableViewController.h */,
				F5AF892419E1C5CA00016826 /* FinishDriveTableViewController.m */,
				F556A10A1A082C26007A17F3 /* SyncViewController.h */,
				F556A10B1A082C26007A17F3 /* SyncViewController.m */,
				F55932011A0FB42500C8139F /* UploadDriveViewController.h */,
				F55932021A0FB42500C8139F /* UploadDriveViewController.m */,
				F51B351D1A0F98BB0098D76E /* PopupMessage */,
				F58EC0AF19FEBEFF0010AC96 /* ManualEntryViewController.h */,
				F58EC0B019FEBEFF0010AC96 /* ManualEntryViewController.m */,
				F58EC0B119FEBEFF0010AC96 /* ManualEntryViewController.xib */,
				DD9AEFF61D0AE10D0004B734 /* EditFourKmRuleKmViewController.h */,
				DD9AEFF71D0AE10D0004B734 /* EditFourKmRuleKmViewController.m */,
			);
			name = ViewControllers;
			sourceTree = "<group>";
		};
		F56E0A4B19D2A44500B6CA1F /* Images */ = {
			isa = PBXGroup;
			children = (
				F56E0A3119D2A40C00B6CA1F /* Images.xcassets */,
			);
			name = Images;
			sourceTree = "<group>";
		};
		F5824DFD19E09FB400F51353 /* Extension */ = {
			isa = PBXGroup;
			children = (
				84A3F4881B69FEFA007C420C /* ViewController+helper.h */,
				84A3F4891B69FEFA007C420C /* ViewController+helper.m */,
				F5824DFA19E09FB000F51353 /* UIColor+CustomColor.h */,
				F5824DFB19E09FB000F51353 /* UIColor+CustomColor.m */,
			);
			name = Extension;
			sourceTree = "<group>";
		};
		F58EC09C19FE96A80010AC96 /* Model */ = {
			isa = PBXGroup;
			children = (
				EFB817831C74A546000B9FFB /* user */,
				A7534B0D1BB9735B0042BB65 /* gps */,
				A7534B081BB95F060042BB65 /* savedRepots */,
				F5690EBC19FF7A6000B9C3B4 /* CoreData */,
				F5C26E081A096ED0004ACDA4 /* Purpose.h */,
				F5C26E091A096ED0004ACDA4 /* Purpose.m */,
				F58EC0A319FE97BA0010AC96 /* DriveReport.h */,
				F58EC0A419FE97BA0010AC96 /* DriveReport.m */,
				F58EC0A619FE98600010AC96 /* Route.h */,
				F58EC0A719FE98600010AC96 /* Route.m */,
				F58EC0A919FE98C60010AC96 /* GpsCoordinates.h */,
				F58EC0AA19FE98C60010AC96 /* GpsCoordinates.m */,
				F5D318121B22DF0A00D09AD0 /* AppInfo.h */,
				F5D318131B22DF0A00D09AD0 /* AppInfo.m */,
				A7534B111BB991550042BB65 /* Settings.h */,
				A7534B121BB991550042BB65 /* Settings.m */,
			);
			name = Model;
			sourceTree = "<group>";
		};
		F5C26DFC1A09620E004ACDA4 /* Select Purpose List */ = {
			isa = PBXGroup;
			children = (
				F5C26DFD1A09624E004ACDA4 /* SelectPurposeListTableViewController.h */,
				F5C26DFE1A09624E004ACDA4 /* SelectPurposeListTableViewController.m */,
				F5C26DFF1A09624E004ACDA4 /* SelectPurposeListTableViewController.xib */,
				F5690EBD19FF7C7500B9C3B4 /* AddPurposeTableViewCell.h */,
				F5690EBE19FF7C7500B9C3B4 /* AddPurposeTableViewCell.m */,
				F5690EBF19FF7C7500B9C3B4 /* AddPurposeTableViewCell.xib */,
			);
			name = "Select Purpose List";
			sourceTree = "<group>";
		};
		F5D3180B1B22DA8500D09AD0 /* SelectMunicipality */ = {
			isa = PBXGroup;
			children = (
				F5D3180F1B22DACC00D09AD0 /* SelectMunicipalityViewController.h */,
				F5D318101B22DACC00D09AD0 /* SelectMunicipalityViewController.m */,
			);
			name = SelectMunicipality;
			sourceTree = "<group>";
		};
/* End PBXGroup section */

/* Begin PBXNativeTarget section */
		F56E0A1D19D2A40C00B6CA1F /* eIndberetning */ = {
			isa = PBXNativeTarget;
			buildConfigurationList = F56E0A4419D2A40C00B6CA1F /* Build configuration list for PBXNativeTarget "eIndberetning" */;
			buildPhases = (
				E90334E39EA53EA13EFCA107 /* [CP] Check Pods Manifest.lock */,
				F56E0A1A19D2A40C00B6CA1F /* Sources */,
				F56E0A1B19D2A40C00B6CA1F /* Frameworks */,
				F56E0A1C19D2A40C00B6CA1F /* Resources */,
			);
			buildRules = (
			);
			dependencies = (
			);
			name = eIndberetning;
			productName = eIndberetning;
			productReference = F56E0A1E19D2A40C00B6CA1F /* eIndberetning.app */;
			productType = "com.apple.product-type.application";
		};
		F56E0A3919D2A40C00B6CA1F /* eIndberetningTests */ = {
			isa = PBXNativeTarget;
			buildConfigurationList = F56E0A4719D2A40C00B6CA1F /* Build configuration list for PBXNativeTarget "eIndberetningTests" */;
			buildPhases = (
				E7B5917E359DC03A3C9E7D5D /* [CP] Check Pods Manifest.lock */,
				F56E0A3619D2A40C00B6CA1F /* Sources */,
				F56E0A3719D2A40C00B6CA1F /* Frameworks */,
				F56E0A3819D2A40C00B6CA1F /* Resources */,
			);
			buildRules = (
			);
			dependencies = (
				F56E0A3C19D2A40C00B6CA1F /* PBXTargetDependency */,
			);
			name = eIndberetningTests;
			productName = eIndberetningTests;
			productReference = F56E0A3A19D2A40C00B6CA1F /* eIndberetningTests.xctest */;
			productType = "com.apple.product-type.bundle.unit-test";
		};
/* End PBXNativeTarget section */

/* Begin PBXProject section */
		F56E0A1619D2A40C00B6CA1F /* Project object */ = {
			isa = PBXProject;
			attributes = {
				LastUpgradeCheck = 1010;
				ORGANIZATIONNAME = "IT-Minds";
				TargetAttributes = {
					F56E0A1D19D2A40C00B6CA1F = {
						CreatedOnToolsVersion = 6.0.1;
						DevelopmentTeam = UAQYPT9EKS;
						ProvisioningStyle = Manual;
						SystemCapabilities = {
							com.apple.BackgroundModes = {
								enabled = 1;
							};
						};
					};
					F56E0A3919D2A40C00B6CA1F = {
						CreatedOnToolsVersion = 6.0.1;
						TestTargetID = F56E0A1D19D2A40C00B6CA1F;
					};
				};
			};
			buildConfigurationList = F56E0A1919D2A40C00B6CA1F /* Build configuration list for PBXProject "OS2Indberetning" */;
			compatibilityVersion = "Xcode 3.2";
			developmentRegion = English;
			hasScannedForEncodings = 0;
			knownRegions = (
				en,
				Base,
			);
			mainGroup = F56E0A1519D2A40C00B6CA1F;
			productRefGroup = F56E0A1F19D2A40C00B6CA1F /* Products */;
			projectDirPath = "";
			projectRoot = "";
			targets = (
				F56E0A1D19D2A40C00B6CA1F /* eIndberetning */,
				F56E0A3919D2A40C00B6CA1F /* eIndberetningTests */,
			);
		};
/* End PBXProject section */

/* Begin PBXResourcesBuildPhase section */
		F56E0A1C19D2A40C00B6CA1F /* Resources */ = {
			isa = PBXResourcesBuildPhase;
			buildActionMask = 2147483647;
			files = (
				F5C26E011A09624E004ACDA4 /* SelectPurposeListTableViewController.xib in Resources */,
				F537B4E419FE530A00D06892 /* SelectListTableViewCell.xib in Resources */,
				EF2373911BE8FDD9003601DE /* Default-568h@2x.png.PNG in Resources */,
				F56E0A3019D2A40C00B6CA1F /* Main.storyboard in Resources */,
				F56E0A3519D2A40C00B6CA1F /* LaunchScreen.xib in Resources */,
				F58EC0B319FEBEFF0010AC96 /* ManualEntryViewController.xib in Resources */,
				DD49D5981E0972D9009C4222 /* Localizable.strings in Resources */,
				A7BCD3411BBB171400FC3DB1 /* QuestionDialogViewController.xib in Resources */,
				F56E0A3219D2A40C00B6CA1F /* Images.xcassets in Resources */,
				A7534B181BB9BAF40042BB65 /* PopupSendDeleteViewController.xib in Resources */,
				F537B4DF19FE4F5000D06892 /* SelectListTableViewController.xib in Resources */,
				F5690EC119FF7C7500B9C3B4 /* AddPurposeTableViewCell.xib in Resources */,
				F51B35251A0F9C8A0098D76E /* ConfirmDeleteViewController.xib in Resources */,
				F51B352A1A0FA34A0098D76E /* ConfirmEndDriveViewController.xib in Resources */,
				F537B4EA19FE614600D06892 /* ErrorMsgViewController.xib in Resources */,
			);
			runOnlyForDeploymentPostprocessing = 0;
		};
		F56E0A3819D2A40C00B6CA1F /* Resources */ = {
			isa = PBXResourcesBuildPhase;
			buildActionMask = 2147483647;
			files = (
			);
			runOnlyForDeploymentPostprocessing = 0;
		};
/* End PBXResourcesBuildPhase section */

/* Begin PBXShellScriptBuildPhase section */
		E7B5917E359DC03A3C9E7D5D /* [CP] Check Pods Manifest.lock */ = {
			isa = PBXShellScriptBuildPhase;
			buildActionMask = 2147483647;
			files = (
			);
			inputFileListPaths = (
			);
			inputPaths = (
				"${PODS_PODFILE_DIR_PATH}/Podfile.lock",
				"${PODS_ROOT}/Manifest.lock",
			);
			name = "[CP] Check Pods Manifest.lock";
			outputFileListPaths = (
			);
			outputPaths = (
				"$(DERIVED_FILE_DIR)/Pods-eIndberetningTests-checkManifestLockResult.txt",
			);
			runOnlyForDeploymentPostprocessing = 0;
			shellPath = /bin/sh;
			shellScript = "diff \"${PODS_PODFILE_DIR_PATH}/Podfile.lock\" \"${PODS_ROOT}/Manifest.lock\" > /dev/null\nif [ $? != 0 ] ; then\n    # print error to STDERR\n    echo \"error: The sandbox is not in sync with the Podfile.lock. Run 'pod install' or update your CocoaPods installation.\" >&2\n    exit 1\nfi\n# This output is used by Xcode 'outputs' to avoid re-running this script phase.\necho \"SUCCESS\" > \"${SCRIPT_OUTPUT_FILE_0}\"\n";
			showEnvVarsInLog = 0;
		};
		E90334E39EA53EA13EFCA107 /* [CP] Check Pods Manifest.lock */ = {
			isa = PBXShellScriptBuildPhase;
			buildActionMask = 2147483647;
			files = (
			);
			inputFileListPaths = (
			);
			inputPaths = (
				"${PODS_PODFILE_DIR_PATH}/Podfile.lock",
				"${PODS_ROOT}/Manifest.lock",
			);
			name = "[CP] Check Pods Manifest.lock";
			outputFileListPaths = (
			);
			outputPaths = (
				"$(DERIVED_FILE_DIR)/Pods-eIndberetning-checkManifestLockResult.txt",
			);
			runOnlyForDeploymentPostprocessing = 0;
			shellPath = /bin/sh;
			shellScript = "diff \"${PODS_PODFILE_DIR_PATH}/Podfile.lock\" \"${PODS_ROOT}/Manifest.lock\" > /dev/null\nif [ $? != 0 ] ; then\n    # print error to STDERR\n    echo \"error: The sandbox is not in sync with the Podfile.lock. Run 'pod install' or update your CocoaPods installation.\" >&2\n    exit 1\nfi\n# This output is used by Xcode 'outputs' to avoid re-running this script phase.\necho \"SUCCESS\" > \"${SCRIPT_OUTPUT_FILE_0}\"\n";
			showEnvVarsInLog = 0;
		};
/* End PBXShellScriptBuildPhase section */

/* Begin PBXSourcesBuildPhase section */
		F56E0A1A19D2A40C00B6CA1F /* Sources */ = {
			isa = PBXSourcesBuildPhase;
			buildActionMask = 2147483647;
			files = (
				F58EC0AB19FE98C60010AC96 /* GpsCoordinates.m in Sources */,
				F556A10C1A082C26007A17F3 /* SyncViewController.m in Sources */,
				F51B35201A0F995D0098D76E /* PopupBaseViewController.m in Sources */,
				A7BCD3401BBB171400FC3DB1 /* QuestionDialogViewController.m in Sources */,
				F521160B1A3CFD0100687AF8 /* CDRate.m in Sources */,
				F58EC0AE19FE99DC0010AC96 /* UserInfo.m in Sources */,
				F5D318141B22DF0A00D09AD0 /* AppInfo.m in Sources */,
				F58EC0A819FE98600010AC96 /* Route.m in Sources */,
				F5C26E001A09624E004ACDA4 /* SelectPurposeListTableViewController.m in Sources */,
				F56E0A2719D2A40C00B6CA1F /* AppDelegate.m in Sources */,
				F56E0A2419D2A40C00B6CA1F /* main.m in Sources */,
				F5C26E071A096CA6004ACDA4 /* CDPurpose.m in Sources */,
				A71D884E1BB8AB5F00F3415A /* SavedReportTableCellView.m in Sources */,
				F52116071A3CE88300687AF8 /* JSONResponseSerializerWithData.m in Sources */,
				F537B4DE19FE4F5000D06892 /* SelectListTableViewController.m in Sources */,
				F559C7AA1B25765300594F56 /* CheckMarkImageView.m in Sources */,
				F537B4E319FE530A00D06892 /* SelectListTableViewCell.m in Sources */,
				F5D318111B22DACC00D09AD0 /* SelectMunicipalityViewController.m in Sources */,
				DD9AEFF81D0AE10D0004B734 /* EditFourKmRuleKmViewController.m in Sources */,
				F5AF892519E1C5CA00016826 /* FinishDriveTableViewController.m in Sources */,
				A71D884B1BB8A4EB00F3415A /* SavedViewControllers.m in Sources */,
				A7534B131BB991550042BB65 /* Settings.m in Sources */,
				F5690ECA19FFC96200B9C3B4 /* eMobilityHTTPSClient.m in Sources */,
				F537B4E919FE614600D06892 /* ErrorMsgViewController.m in Sources */,
				F5E87C001A08D1100092E350 /* CoreDataManager.m in Sources */,
				F58EC0A219FE975D0010AC96 /* Employment.m in Sources */,
				F5824DF919E09F6C00F51353 /* StartDriveTableViewController.m in Sources */,
				F5690EC019FF7C7500B9C3B4 /* AddPurposeTableViewCell.m in Sources */,
				F5F55B2A1A266D3E00F193D0 /* GPSManager.m in Sources */,
				EFB817871C74A635000B9FFB /* Authorization.m in Sources */,
				A7534B0B1BB95F150042BB65 /* SavedReport.m in Sources */,
				F58EC0B219FEBEFF0010AC96 /* ManualEntryViewController.m in Sources */,
				EFECF1511C70CB1600DAB4A3 /* UserLoginViewController.m in Sources */,
				F56E0A2D19D2A40C00B6CA1F /* PairViewController.m in Sources */,
				84A3F48A1B69FEFA007C420C /* ViewController+helper.m in Sources */,
				F5824DFC19E09FB000F51353 /* UIColor+CustomColor.m in Sources */,
				F51B35241A0F9C8A0098D76E /* ConfirmDeleteViewController.m in Sources */,
				A7534B171BB9BAF40042BB65 /* PopupSendDeleteViewController.m in Sources */,
				F55932031A0FB42500C8139F /* UploadDriveViewController.m in Sources */,
				F58EC0A519FE97BA0010AC96 /* DriveReport.m in Sources */,
				F58EC09F19FE96C10010AC96 /* Rate.m in Sources */,
				F51B35291A0FA34A0098D76E /* ConfirmEndDriveViewController.m in Sources */,
				F5E87BFA1A08C7230092E350 /* CDEmployment.m in Sources */,
				F56E0A2A19D2A40C00B6CA1F /* eIndberetning.xcdatamodeld in Sources */,
				F5690EB819FF758B00B9C3B4 /* UIViewController+BackButton.m in Sources */,
				F556A1061A081220007A17F3 /* Profile.m in Sources */,
				A7534B101BB97EE70042BB65 /* SyncHelper.m in Sources */,
				A7BCD33C1BBAA87800FC3DB1 /* UIView+Toast.m in Sources */,
				F5C26E0A1A096ED0004ACDA4 /* Purpose.m in Sources */,
				F5AF892219E1BD0F00016826 /* DriveViewController.m in Sources */,
			);
			runOnlyForDeploymentPostprocessing = 0;
		};
		F56E0A3619D2A40C00B6CA1F /* Sources */ = {
			isa = PBXSourcesBuildPhase;
			buildActionMask = 2147483647;
			files = (
				F56E0A4119D2A40C00B6CA1F /* eIndberetningTests.m in Sources */,
				84A3F4851B69F6B2007C420C /* testUI.m in Sources */,
			);
			runOnlyForDeploymentPostprocessing = 0;
		};
/* End PBXSourcesBuildPhase section */

/* Begin PBXTargetDependency section */
		F56E0A3C19D2A40C00B6CA1F /* PBXTargetDependency */ = {
			isa = PBXTargetDependency;
			target = F56E0A1D19D2A40C00B6CA1F /* eIndberetning */;
			targetProxy = F56E0A3B19D2A40C00B6CA1F /* PBXContainerItemProxy */;
		};
/* End PBXTargetDependency section */

/* Begin PBXVariantGroup section */
		DD49D59A1E0972D9009C4222 /* Localizable.strings */ = {
			isa = PBXVariantGroup;
			children = (
				DD49D5991E0972D9009C4222 /* Base */,
			);
			name = Localizable.strings;
			sourceTree = "<group>";
		};
		F56E0A2E19D2A40C00B6CA1F /* Main.storyboard */ = {
			isa = PBXVariantGroup;
			children = (
				F56E0A2F19D2A40C00B6CA1F /* Base */,
			);
			name = Main.storyboard;
			sourceTree = "<group>";
		};
		F56E0A3319D2A40C00B6CA1F /* LaunchScreen.xib */ = {
			isa = PBXVariantGroup;
			children = (
				F56E0A3419D2A40C00B6CA1F /* Base */,
			);
			name = LaunchScreen.xib;
			sourceTree = "<group>";
		};
/* End PBXVariantGroup section */

/* Begin XCBuildConfiguration section */
		F56E0A4219D2A40C00B6CA1F /* Debug */ = {
			isa = XCBuildConfiguration;
			buildSettings = {
				ALWAYS_SEARCH_USER_PATHS = NO;
				CLANG_CXX_LANGUAGE_STANDARD = "gnu++0x";
				CLANG_CXX_LIBRARY = "libc++";
				CLANG_ENABLE_MODULES = YES;
				CLANG_ENABLE_OBJC_ARC = YES;
				CLANG_WARN_BOOL_CONVERSION = YES;
				CLANG_WARN_CONSTANT_CONVERSION = YES;
				CLANG_WARN_DIRECT_OBJC_ISA_USAGE = YES_ERROR;
				CLANG_WARN_EMPTY_BODY = YES;
				CLANG_WARN_ENUM_CONVERSION = YES;
				CLANG_WARN_INT_CONVERSION = YES;
				CLANG_WARN_OBJC_ROOT_CLASS = YES_ERROR;
				CLANG_WARN_UNREACHABLE_CODE = YES;
				CLANG_WARN__DUPLICATE_METHOD_MATCH = YES;
				CODE_SIGN_IDENTITY = "iPhone Developer";
				"CODE_SIGN_IDENTITY[sdk=iphoneos*]" = "iPhone Developer";
				COPY_PHASE_STRIP = NO;
				ENABLE_STRICT_OBJC_MSGSEND = YES;
				GCC_C_LANGUAGE_STANDARD = gnu99;
				GCC_DYNAMIC_NO_PIC = NO;
				GCC_OPTIMIZATION_LEVEL = 0;
				GCC_PREPROCESSOR_DEFINITIONS = (
					"DEBUG=1",
					"$(inherited)",
				);
				GCC_SYMBOLS_PRIVATE_EXTERN = NO;
				GCC_WARN_64_TO_32_BIT_CONVERSION = YES;
				GCC_WARN_ABOUT_RETURN_TYPE = YES_ERROR;
				GCC_WARN_UNDECLARED_SELECTOR = YES;
				GCC_WARN_UNINITIALIZED_AUTOS = YES_AGGRESSIVE;
				GCC_WARN_UNUSED_FUNCTION = YES;
				GCC_WARN_UNUSED_VARIABLE = YES;
				IPHONEOS_DEPLOYMENT_TARGET = 9.0;
				MTL_ENABLE_DEBUG_INFO = YES;
				ONLY_ACTIVE_ARCH = YES;
				SDKROOT = iphoneos;
			};
			name = Debug;
		};
		F56E0A4319D2A40C00B6CA1F /* Release */ = {
			isa = XCBuildConfiguration;
			buildSettings = {
				ALWAYS_SEARCH_USER_PATHS = NO;
				CLANG_CXX_LANGUAGE_STANDARD = "gnu++0x";
				CLANG_CXX_LIBRARY = "libc++";
				CLANG_ENABLE_MODULES = YES;
				CLANG_ENABLE_OBJC_ARC = YES;
				CLANG_WARN_BOOL_CONVERSION = YES;
				CLANG_WARN_CONSTANT_CONVERSION = YES;
				CLANG_WARN_DIRECT_OBJC_ISA_USAGE = YES_ERROR;
				CLANG_WARN_EMPTY_BODY = YES;
				CLANG_WARN_ENUM_CONVERSION = YES;
				CLANG_WARN_INT_CONVERSION = YES;
				CLANG_WARN_OBJC_ROOT_CLASS = YES_ERROR;
				CLANG_WARN_UNREACHABLE_CODE = YES;
				CLANG_WARN__DUPLICATE_METHOD_MATCH = YES;
				CODE_SIGN_IDENTITY = "iPhone Developer";
				"CODE_SIGN_IDENTITY[sdk=iphoneos*]" = "iPhone Developer";
				COPY_PHASE_STRIP = YES;
				ENABLE_NS_ASSERTIONS = NO;
				ENABLE_STRICT_OBJC_MSGSEND = YES;
				GCC_C_LANGUAGE_STANDARD = gnu99;
				GCC_WARN_64_TO_32_BIT_CONVERSION = YES;
				GCC_WARN_ABOUT_RETURN_TYPE = YES_ERROR;
				GCC_WARN_UNDECLARED_SELECTOR = YES;
				GCC_WARN_UNINITIALIZED_AUTOS = YES_AGGRESSIVE;
				GCC_WARN_UNUSED_FUNCTION = YES;
				GCC_WARN_UNUSED_VARIABLE = YES;
				IPHONEOS_DEPLOYMENT_TARGET = 9.0;
				MTL_ENABLE_DEBUG_INFO = NO;
				SDKROOT = iphoneos;
				VALIDATE_PRODUCT = YES;
			};
			name = Release;
		};
		F56E0A4519D2A40C00B6CA1F /* Debug */ = {
			isa = XCBuildConfiguration;
			baseConfigurationReference = 40284DD3F21736D054966BAF /* Pods-eIndberetning.debug.xcconfig */;
			buildSettings = {
				ASSETCATALOG_COMPILER_APPICON_NAME = AppIcon;
				ASSETCATALOG_COMPILER_LAUNCHIMAGE_NAME = LaunchImage;
				CODE_SIGN_IDENTITY = "iPhone Developer";
				"CODE_SIGN_IDENTITY[sdk=iphoneos*]" = "iPhone Developer";
				DEVELOPMENT_TEAM = UAQYPT9EKS;
				INFOPLIST_FILE = eIndberetning/Info.plist;
				IPHONEOS_DEPLOYMENT_TARGET = 9.0;
				LD_RUNPATH_SEARCH_PATHS = "$(inherited) @executable_path/Frameworks";
				PRODUCT_BUNDLE_IDENTIFIER = eu.os2.indberetning;
				PRODUCT_NAME = "$(TARGET_NAME)";
				PROVISIONING_PROFILE = "c95901c1-47b3-40ad-8f1a-20b7ce58ae3f";
				PROVISIONING_PROFILE_SPECIFIER = "OS2Indberetning Developer";
			};
			name = Debug;
		};
		F56E0A4619D2A40C00B6CA1F /* Release */ = {
			isa = XCBuildConfiguration;
			baseConfigurationReference = C0F2A3A2A6CB53EE4217B6F8 /* Pods-eIndberetning.release.xcconfig */;
			buildSettings = {
				ASSETCATALOG_COMPILER_APPICON_NAME = AppIcon;
				ASSETCATALOG_COMPILER_LAUNCHIMAGE_NAME = LaunchImage;
				CODE_SIGN_IDENTITY = "iPhone Distribution";
				"CODE_SIGN_IDENTITY[sdk=iphoneos*]" = "iPhone Distribution";
				DEVELOPMENT_TEAM = UAQYPT9EKS;
				INFOPLIST_FILE = eIndberetning/Info.plist;
				IPHONEOS_DEPLOYMENT_TARGET = 9.0;
				LD_RUNPATH_SEARCH_PATHS = "$(inherited) @executable_path/Frameworks";
				PRODUCT_BUNDLE_IDENTIFIER = eu.os2.indberetning;
				PRODUCT_NAME = "$(TARGET_NAME)";
				PROVISIONING_PROFILE = "297ea370-e711-4b4a-906f-4b8cdb0f73c4";
				PROVISIONING_PROFILE_SPECIFIER = "OS2Indberetning Distribution";
			};
			name = Release;
		};
		F56E0A4819D2A40C00B6CA1F /* Debug */ = {
			isa = XCBuildConfiguration;
			baseConfigurationReference = 6B6E6A46174F818FA2063803 /* Pods-eIndberetningTests.debug.xcconfig */;
			buildSettings = {
				BUNDLE_LOADER = "$(TEST_HOST)";
				FRAMEWORK_SEARCH_PATHS = (
					"$(SDKROOT)/Developer/Library/Frameworks",
					"$(inherited)",
				);
				GCC_PREPROCESSOR_DEFINITIONS = (
					"DEBUG=1",
					"$(inherited)",
				);
				INFOPLIST_FILE = eIndberetningTests/Info.plist;
				LD_RUNPATH_SEARCH_PATHS = "$(inherited) @executable_path/Frameworks @loader_path/Frameworks";
				PRODUCT_NAME = "$(TARGET_NAME)";
				TEST_HOST = "$(BUILT_PRODUCTS_DIR)/eIndberetning.app/eIndberetning";
			};
			name = Debug;
		};
		F56E0A4919D2A40C00B6CA1F /* Release */ = {
			isa = XCBuildConfiguration;
			baseConfigurationReference = E66C16032DB8724BF8B7FA3D /* Pods-eIndberetningTests.release.xcconfig */;
			buildSettings = {
				BUNDLE_LOADER = "$(TEST_HOST)";
				FRAMEWORK_SEARCH_PATHS = (
					"$(SDKROOT)/Developer/Library/Frameworks",
					"$(inherited)",
				);
				INFOPLIST_FILE = eIndberetningTests/Info.plist;
				LD_RUNPATH_SEARCH_PATHS = "$(inherited) @executable_path/Frameworks @loader_path/Frameworks";
				PRODUCT_NAME = "$(TARGET_NAME)";
				TEST_HOST = "$(BUILT_PRODUCTS_DIR)/eIndberetning.app/eIndberetning";
			};
			name = Release;
		};
/* End XCBuildConfiguration section */

/* Begin XCConfigurationList section */
		F56E0A1919D2A40C00B6CA1F /* Build configuration list for PBXProject "OS2Indberetning" */ = {
			isa = XCConfigurationList;
			buildConfigurations = (
				F56E0A4219D2A40C00B6CA1F /* Debug */,
				F56E0A4319D2A40C00B6CA1F /* Release */,
			);
			defaultConfigurationIsVisible = 0;
			defaultConfigurationName = Release;
		};
		F56E0A4419D2A40C00B6CA1F /* Build configuration list for PBXNativeTarget "eIndberetning" */ = {
			isa = XCConfigurationList;
			buildConfigurations = (
				F56E0A4519D2A40C00B6CA1F /* Debug */,
				F56E0A4619D2A40C00B6CA1F /* Release */,
			);
			defaultConfigurationIsVisible = 0;
			defaultConfigurationName = Release;
		};
		F56E0A4719D2A40C00B6CA1F /* Build configuration list for PBXNativeTarget "eIndberetningTests" */ = {
			isa = XCConfigurationList;
			buildConfigurations = (
				F56E0A4819D2A40C00B6CA1F /* Debug */,
				F56E0A4919D2A40C00B6CA1F /* Release */,
			);
			defaultConfigurationIsVisible = 0;
			defaultConfigurationName = Release;
		};
/* End XCConfigurationList section */

/* Begin XCVersionGroup section */
		F56E0A2819D2A40C00B6CA1F /* eIndberetning.xcdatamodeld */ = {
			isa = XCVersionGroup;
			children = (
				F52116081A3CFC2900687AF8 /* eIndberetning 2.xcdatamodel */,
				F56E0A2919D2A40C00B6CA1F /* eIndberetning.xcdatamodel */,
			);
			currentVersion = F52116081A3CFC2900687AF8 /* eIndberetning 2.xcdatamodel */;
			path = eIndberetning.xcdatamodeld;
			sourceTree = "<group>";
			versionGroupType = wrapper.xcdatamodel;
		};
/* End XCVersionGroup section */
	};
	rootObject = F56E0A1619D2A40C00B6CA1F /* Project object */;
}
