// !$*UTF8*$!
{
	archiveVersion = 1;
	classes = {
	};
	objectVersion = 46;
	objects = {

/* Begin PBXBuildFile section */
		285C398763EB493EB3BACB37 /* libPods.a in Frameworks */ = {isa = PBXBuildFile; fileRef = 7BB7BD0598834CACA9C13197 /* libPods.a */; };
		F56E0A2419D2A40C00B6CA1F /* main.m in Sources */ = {isa = PBXBuildFile; fileRef = F56E0A2319D2A40C00B6CA1F /* main.m */; };
		F56E0A2719D2A40C00B6CA1F /* AppDelegate.m in Sources */ = {isa = PBXBuildFile; fileRef = F56E0A2619D2A40C00B6CA1F /* AppDelegate.m */; };
		F56E0A2A19D2A40C00B6CA1F /* eIndberetning.xcdatamodeld in Sources */ = {isa = PBXBuildFile; fileRef = F56E0A2819D2A40C00B6CA1F /* eIndberetning.xcdatamodeld */; };
		F56E0A2D19D2A40C00B6CA1F /* InitialVIewController.m in Sources */ = {isa = PBXBuildFile; fileRef = F56E0A2C19D2A40C00B6CA1F /* InitialVIewController.m */; };
		F56E0A3019D2A40C00B6CA1F /* Main.storyboard in Resources */ = {isa = PBXBuildFile; fileRef = F56E0A2E19D2A40C00B6CA1F /* Main.storyboard */; };
		F56E0A3219D2A40C00B6CA1F /* Images.xcassets in Resources */ = {isa = PBXBuildFile; fileRef = F56E0A3119D2A40C00B6CA1F /* Images.xcassets */; };
		F56E0A3519D2A40C00B6CA1F /* LaunchScreen.xib in Resources */ = {isa = PBXBuildFile; fileRef = F56E0A3319D2A40C00B6CA1F /* LaunchScreen.xib */; };
		F56E0A4119D2A40C00B6CA1F /* eIndberetningTests.m in Sources */ = {isa = PBXBuildFile; fileRef = F56E0A4019D2A40C00B6CA1F /* eIndberetningTests.m */; };
/* End PBXBuildFile section */

/* Begin PBXContainerItemProxy section */
		F56E0A3B19D2A40C00B6CA1F /* PBXContainerItemProxy */ = {
			isa = PBXContainerItemProxy;
			containerPortal = F56E0A1619D2A40C00B6CA1F /* Project object */;
			proxyType = 1;
			remoteGlobalIDString = F56E0A1D19D2A40C00B6CA1F;
			remoteInfo = eIndberetning;
		};
/* End PBXContainerItemProxy section */

/* Begin PBXFileReference section */
		7BB7BD0598834CACA9C13197 /* libPods.a */ = {isa = PBXFileReference; explicitFileType = archive.ar; includeInIndex = 0; path = libPods.a; sourceTree = BUILT_PRODUCTS_DIR; };
		C9A2A0BD089C4227969763E8 /* Pods.xcconfig */ = {isa = PBXFileReference; includeInIndex = 1; lastKnownFileType = text.xcconfig; name = Pods.xcconfig; path = Pods/Pods.xcconfig; sourceTree = "<group>"; };
		F56E0A1E19D2A40C00B6CA1F /* eIndberetning.app */ = {isa = PBXFileReference; explicitFileType = wrapper.application; includeInIndex = 0; path = eIndberetning.app; sourceTree = BUILT_PRODUCTS_DIR; };
		F56E0A2219D2A40C00B6CA1F /* Info.plist */ = {isa = PBXFileReference; lastKnownFileType = text.plist.xml; path = Info.plist; sourceTree = "<group>"; };
		F56E0A2319D2A40C00B6CA1F /* main.m */ = {isa = PBXFileReference; lastKnownFileType = sourcecode.c.objc; path = main.m; sourceTree = "<group>"; };
		F56E0A2519D2A40C00B6CA1F /* AppDelegate.h */ = {isa = PBXFileReference; lastKnownFileType = sourcecode.c.h; path = AppDelegate.h; sourceTree = "<group>"; };
		F56E0A2619D2A40C00B6CA1F /* AppDelegate.m */ = {isa = PBXFileReference; lastKnownFileType = sourcecode.c.objc; path = AppDelegate.m; sourceTree = "<group>"; };
		F56E0A2919D2A40C00B6CA1F /* eIndberetning.xcdatamodel */ = {isa = PBXFileReference; lastKnownFileType = wrapper.xcdatamodel; path = eIndberetning.xcdatamodel; sourceTree = "<group>"; };
		F56E0A2B19D2A40C00B6CA1F /* InitialVIewController.h */ = {isa = PBXFileReference; lastKnownFileType = sourcecode.c.h; path = InitialVIewController.h; sourceTree = "<group>"; };
		F56E0A2C19D2A40C00B6CA1F /* InitialVIewController.m */ = {isa = PBXFileReference; lastKnownFileType = sourcecode.c.objc; path = InitialVIewController.m; sourceTree = "<group>"; };
		F56E0A2F19D2A40C00B6CA1F /* Base */ = {isa = PBXFileReference; lastKnownFileType = file.storyboard; name = Base; path = Base.lproj/Main.storyboard; sourceTree = "<group>"; };
		F56E0A3119D2A40C00B6CA1F /* Images.xcassets */ = {isa = PBXFileReference; lastKnownFileType = folder.assetcatalog; path = Images.xcassets; sourceTree = "<group>"; };
		F56E0A3419D2A40C00B6CA1F /* Base */ = {isa = PBXFileReference; lastKnownFileType = file.xib; name = Base; path = Base.lproj/LaunchScreen.xib; sourceTree = "<group>"; };
		F56E0A3A19D2A40C00B6CA1F /* eIndberetningTests.xctest */ = {isa = PBXFileReference; explicitFileType = wrapper.cfbundle; includeInIndex = 0; path = eIndberetningTests.xctest; sourceTree = BUILT_PRODUCTS_DIR; };
		F56E0A3F19D2A40C00B6CA1F /* Info.plist */ = {isa = PBXFileReference; lastKnownFileType = text.plist.xml; path = Info.plist; sourceTree = "<group>"; };
		F56E0A4019D2A40C00B6CA1F /* eIndberetningTests.m */ = {isa = PBXFileReference; lastKnownFileType = sourcecode.c.objc; path = eIndberetningTests.m; sourceTree = "<group>"; };
/* End PBXFileReference section */

/* Begin PBXFrameworksBuildPhase section */
		F56E0A1B19D2A40C00B6CA1F /* Frameworks */ = {
			isa = PBXFrameworksBuildPhase;
			buildActionMask = 2147483647;
			files = (
				285C398763EB493EB3BACB37 /* libPods.a in Frameworks */,
			);
			runOnlyForDeploymentPostprocessing = 0;
		};
		F56E0A3719D2A40C00B6CA1F /* Frameworks */ = {
			isa = PBXFrameworksBuildPhase;
			buildActionMask = 2147483647;
			files = (
			);
			runOnlyForDeploymentPostprocessing = 0;
		};
/* End PBXFrameworksBuildPhase section */

/* Begin PBXGroup section */
		31CA182F9DC44FFEA12CDDF9 /* Frameworks */ = {
			isa = PBXGroup;
			children = (
				7BB7BD0598834CACA9C13197 /* libPods.a */,
			);
			name = Frameworks;
			sourceTree = "<group>";
		};
		F56E0A1519D2A40C00B6CA1F = {
			isa = PBXGroup;
			children = (
				F56E0A2019D2A40C00B6CA1F /* eIndberetning */,
				F56E0A3D19D2A40C00B6CA1F /* eIndberetningTests */,
				F56E0A1F19D2A40C00B6CA1F /* Products */,
				C9A2A0BD089C4227969763E8 /* Pods.xcconfig */,
				31CA182F9DC44FFEA12CDDF9 /* Frameworks */,
			);
			sourceTree = "<group>";
		};
		F56E0A1F19D2A40C00B6CA1F /* Products */ = {
			isa = PBXGroup;
			children = (
				F56E0A1E19D2A40C00B6CA1F /* eIndberetning.app */,
				F56E0A3A19D2A40C00B6CA1F /* eIndberetningTests.xctest */,
			);
			name = Products;
			sourceTree = "<group>";
		};
		F56E0A2019D2A40C00B6CA1F /* eIndberetning */ = {
			isa = PBXGroup;
			children = (
				F56E0A4A19D2A43800B6CA1F /* ViewControllers */,
				F56E0A2E19D2A40C00B6CA1F /* Main.storyboard */,
				F56E0A4B19D2A44500B6CA1F /* Images */,
				F56E0A2119D2A40C00B6CA1F /* Supporting Files */,
			);
			path = eIndberetning;
			sourceTree = "<group>";
		};
		F56E0A2119D2A40C00B6CA1F /* Supporting Files */ = {
			isa = PBXGroup;
			children = (
				F56E0A2519D2A40C00B6CA1F /* AppDelegate.h */,
				F56E0A2619D2A40C00B6CA1F /* AppDelegate.m */,
				F56E0A3319D2A40C00B6CA1F /* LaunchScreen.xib */,
				F56E0A2819D2A40C00B6CA1F /* eIndberetning.xcdatamodeld */,
				F56E0A2219D2A40C00B6CA1F /* Info.plist */,
				F56E0A2319D2A40C00B6CA1F /* main.m */,
			);
			name = "Supporting Files";
			sourceTree = "<group>";
		};
		F56E0A3D19D2A40C00B6CA1F /* eIndberetningTests */ = {
			isa = PBXGroup;
			children = (
				F56E0A4019D2A40C00B6CA1F /* eIndberetningTests.m */,
				F56E0A3E19D2A40C00B6CA1F /* Supporting Files */,
			);
			path = eIndberetningTests;
			sourceTree = "<group>";
		};
		F56E0A3E19D2A40C00B6CA1F /* Supporting Files */ = {
			isa = PBXGroup;
			children = (
				F56E0A3F19D2A40C00B6CA1F /* Info.plist */,
			);
			name = "Supporting Files";
			sourceTree = "<group>";
		};
		F56E0A4A19D2A43800B6CA1F /* ViewControllers */ = {
			isa = PBXGroup;
			children = (
				F56E0A2B19D2A40C00B6CA1F /* InitialVIewController.h */,
				F56E0A2C19D2A40C00B6CA1F /* InitialVIewController.m */,
			);
			name = ViewControllers;
			sourceTree = "<group>";
		};
		F56E0A4B19D2A44500B6CA1F /* Images */ = {
			isa = PBXGroup;
			children = (
				F56E0A3119D2A40C00B6CA1F /* Images.xcassets */,
			);
			name = Images;
			sourceTree = "<group>";
		};
/* End PBXGroup section */

/* Begin PBXNativeTarget section */
		F56E0A1D19D2A40C00B6CA1F /* eIndberetning */ = {
			isa = PBXNativeTarget;
			buildConfigurationList = F56E0A4419D2A40C00B6CA1F /* Build configuration list for PBXNativeTarget "eIndberetning" */;
			buildPhases = (
				748D6152A8BE474CAF3C35B1 /* Check Pods Manifest.lock */,
				F56E0A1A19D2A40C00B6CA1F /* Sources */,
				F56E0A1B19D2A40C00B6CA1F /* Frameworks */,
				F56E0A1C19D2A40C00B6CA1F /* Resources */,
				2C6B7499EC0A487D86314B9E /* Copy Pods Resources */,
			);
			buildRules = (
			);
			dependencies = (
			);
			name = eIndberetning;
			productName = eIndberetning;
			productReference = F56E0A1E19D2A40C00B6CA1F /* eIndberetning.app */;
			productType = "com.apple.product-type.application";
		};
		F56E0A3919D2A40C00B6CA1F /* eIndberetningTests */ = {
			isa = PBXNativeTarget;
			buildConfigurationList = F56E0A4719D2A40C00B6CA1F /* Build configuration list for PBXNativeTarget "eIndberetningTests" */;
			buildPhases = (
				F56E0A3619D2A40C00B6CA1F /* Sources */,
				F56E0A3719D2A40C00B6CA1F /* Frameworks */,
				F56E0A3819D2A40C00B6CA1F /* Resources */,
			);
			buildRules = (
			);
			dependencies = (
				F56E0A3C19D2A40C00B6CA1F /* PBXTargetDependency */,
			);
			name = eIndberetningTests;
			productName = eIndberetningTests;
			productReference = F56E0A3A19D2A40C00B6CA1F /* eIndberetningTests.xctest */;
			productType = "com.apple.product-type.bundle.unit-test";
		};
/* End PBXNativeTarget section */

/* Begin PBXProject section */
		F56E0A1619D2A40C00B6CA1F /* Project object */ = {
			isa = PBXProject;
			attributes = {
				LastUpgradeCheck = 0600;
				ORGANIZATIONNAME = "IT-Minds";
				TargetAttributes = {
					F56E0A1D19D2A40C00B6CA1F = {
						CreatedOnToolsVersion = 6.0.1;
					};
					F56E0A3919D2A40C00B6CA1F = {
						CreatedOnToolsVersion = 6.0.1;
						TestTargetID = F56E0A1D19D2A40C00B6CA1F;
					};
				};
			};
			buildConfigurationList = F56E0A1919D2A40C00B6CA1F /* Build configuration list for PBXProject "eIndberetning" */;
			compatibilityVersion = "Xcode 3.2";
			developmentRegion = English;
			hasScannedForEncodings = 0;
			knownRegions = (
				en,
				Base,
			);
			mainGroup = F56E0A1519D2A40C00B6CA1F;
			productRefGroup = F56E0A1F19D2A40C00B6CA1F /* Products */;
			projectDirPath = "";
			projectRoot = "";
			targets = (
				F56E0A1D19D2A40C00B6CA1F /* eIndberetning */,
				F56E0A3919D2A40C00B6CA1F /* eIndberetningTests */,
			);
		};
/* End PBXProject section */

/* Begin PBXResourcesBuildPhase section */
		F56E0A1C19D2A40C00B6CA1F /* Resources */ = {
			isa = PBXResourcesBuildPhase;
			buildActionMask = 2147483647;
			files = (
				F56E0A3019D2A40C00B6CA1F /* Main.storyboard in Resources */,
				F56E0A3519D2A40C00B6CA1F /* LaunchScreen.xib in Resources */,
				F56E0A3219D2A40C00B6CA1F /* Images.xcassets in Resources */,
			);
			runOnlyForDeploymentPostprocessing = 0;
		};
		F56E0A3819D2A40C00B6CA1F /* Resources */ = {
			isa = PBXResourcesBuildPhase;
			buildActionMask = 2147483647;
			files = (
			);
			runOnlyForDeploymentPostprocessing = 0;
		};
/* End PBXResourcesBuildPhase section */

/* Begin PBXShellScriptBuildPhase section */
		2C6B7499EC0A487D86314B9E /* Copy Pods Resources */ = {
			isa = PBXShellScriptBuildPhase;
			buildActionMask = 2147483647;
			files = (
			);
			inputPaths = (
			);
			name = "Copy Pods Resources";
			outputPaths = (
			);
			runOnlyForDeploymentPostprocessing = 0;
			shellPath = /bin/sh;
			shellScript = "\"${SRCROOT}/Pods/Pods-resources.sh\"\n";
			showEnvVarsInLog = 0;
		};
		748D6152A8BE474CAF3C35B1 /* Check Pods Manifest.lock */ = {
			isa = PBXShellScriptBuildPhase;
			buildActionMask = 2147483647;
			files = (
			);
			inputPaths = (
			);
			name = "Check Pods Manifest.lock";
			outputPaths = (
			);
			runOnlyForDeploymentPostprocessing = 0;
			shellPath = /bin/sh;
			shellScript = "diff \"${PODS_ROOT}/../Podfile.lock\" \"${PODS_ROOT}/Manifest.lock\" > /dev/null\nif [[ $? != 0 ]] ; then\n    cat << EOM\nerror: The sandbox is not in sync with the Podfile.lock. Run 'pod install' or update your CocoaPods installation.\nEOM\n    exit 1\nfi\n";
			showEnvVarsInLog = 0;
		};
/* End PBXShellScriptBuildPhase section */

/* Begin PBXSourcesBuildPhase section */
		F56E0A1A19D2A40C00B6CA1F /* Sources */ = {
			isa = PBXSourcesBuildPhase;
			buildActionMask = 2147483647;
			files = (
				F56E0A2719D2A40C00B6CA1F /* AppDelegate.m in Sources */,
				F56E0A2419D2A40C00B6CA1F /* main.m in Sources */,
				F56E0A2D19D2A40C00B6CA1F /* InitialVIewController.m in Sources */,
				F56E0A2A19D2A40C00B6CA1F /* eIndberetning.xcdatamodeld in Sources */,
			);
			runOnlyForDeploymentPostprocessing = 0;
		};
		F56E0A3619D2A40C00B6CA1F /* Sources */ = {
			isa = PBXSourcesBuildPhase;
			buildActionMask = 2147483647;
			files = (
				F56E0A4119D2A40C00B6CA1F /* eIndberetningTests.m in Sources */,
			);
			runOnlyForDeploymentPostprocessing = 0;
		};
/* End PBXSourcesBuildPhase section */

/* Begin PBXTargetDependency section */
		F56E0A3C19D2A40C00B6CA1F /* PBXTargetDependency */ = {
			isa = PBXTargetDependency;
			target = F56E0A1D19D2A40C00B6CA1F /* eIndberetning */;
			targetProxy = F56E0A3B19D2A40C00B6CA1F /* PBXContainerItemProxy */;
		};
/* End PBXTargetDependency section */

/* Begin PBXVariantGroup section */
		F56E0A2E19D2A40C00B6CA1F /* Main.storyboard */ = {
			isa = PBXVariantGroup;
			children = (
				F56E0A2F19D2A40C00B6CA1F /* Base */,
			);
			name = Main.storyboard;
			sourceTree = "<group>";
		};
		F56E0A3319D2A40C00B6CA1F /* LaunchScreen.xib */ = {
			isa = PBXVariantGroup;
			children = (
				F56E0A3419D2A40C00B6CA1F /* Base */,
			);
			name = LaunchScreen.xib;
			sourceTree = "<group>";
		};
/* End PBXVariantGroup section */

/* Begin XCBuildConfiguration section */
		F56E0A4219D2A40C00B6CA1F /* Debug */ = {
			isa = XCBuildConfiguration;
			buildSettings = {
				ALWAYS_SEARCH_USER_PATHS = NO;
				CLANG_CXX_LANGUAGE_STANDARD = "gnu++0x";
				CLANG_CXX_LIBRARY = "libc++";
				CLANG_ENABLE_MODULES = YES;
				CLANG_ENABLE_OBJC_ARC = YES;
				CLANG_WARN_BOOL_CONVERSION = YES;
				CLANG_WARN_CONSTANT_CONVERSION = YES;
				CLANG_WARN_DIRECT_OBJC_ISA_USAGE = YES_ERROR;
				CLANG_WARN_EMPTY_BODY = YES;
				CLANG_WARN_ENUM_CONVERSION = YES;
				CLANG_WARN_INT_CONVERSION = YES;
				CLANG_WARN_OBJC_ROOT_CLASS = YES_ERROR;
				CLANG_WARN_UNREACHABLE_CODE = YES;
				CLANG_WARN__DUPLICATE_METHOD_MATCH = YES;
				"CODE_SIGN_IDENTITY[sdk=iphoneos*]" = "iPhone Developer";
				COPY_PHASE_STRIP = NO;
				ENABLE_STRICT_OBJC_MSGSEND = YES;
				GCC_C_LANGUAGE_STANDARD = gnu99;
				GCC_DYNAMIC_NO_PIC = NO;
				GCC_OPTIMIZATION_LEVEL = 0;
				GCC_PREPROCESSOR_DEFINITIONS = (
					"DEBUG=1",
					"$(inherited)",
				);
				GCC_SYMBOLS_PRIVATE_EXTERN = NO;
				GCC_WARN_64_TO_32_BIT_CONVERSION = YES;
				GCC_WARN_ABOUT_RETURN_TYPE = YES_ERROR;
				GCC_WARN_UNDECLARED_SELECTOR = YES;
				GCC_WARN_UNINITIALIZED_AUTOS = YES_AGGRESSIVE;
				GCC_WARN_UNUSED_FUNCTION = YES;
				GCC_WARN_UNUSED_VARIABLE = YES;
				IPHONEOS_DEPLOYMENT_TARGET = 8.0;
				MTL_ENABLE_DEBUG_INFO = YES;
				ONLY_ACTIVE_ARCH = YES;
				SDKROOT = iphoneos;
			};
			name = Debug;
		};
		F56E0A4319D2A40C00B6CA1F /* Release */ = {
			isa = XCBuildConfiguration;
			buildSettings = {
				ALWAYS_SEARCH_USER_PATHS = NO;
				CLANG_CXX_LANGUAGE_STANDARD = "gnu++0x";
				CLANG_CXX_LIBRARY = "libc++";
				CLANG_ENABLE_MODULES = YES;
				CLANG_ENABLE_OBJC_ARC = YES;
				CLANG_WARN_BOOL_CONVERSION = YES;
				CLANG_WARN_CONSTANT_CONVERSION = YES;
				CLANG_WARN_DIRECT_OBJC_ISA_USAGE = YES_ERROR;
				CLANG_WARN_EMPTY_BODY = YES;
				CLANG_WARN_ENUM_CONVERSION = YES;
				CLANG_WARN_INT_CONVERSION = YES;
				CLANG_WARN_OBJC_ROOT_CLASS = YES_ERROR;
				CLANG_WARN_UNREACHABLE_CODE = YES;
				CLANG_WARN__DUPLICATE_METHOD_MATCH = YES;
				"CODE_SIGN_IDENTITY[sdk=iphoneos*]" = "iPhone Developer";
				COPY_PHASE_STRIP = YES;
				ENABLE_NS_ASSERTIONS = NO;
				ENABLE_STRICT_OBJC_MSGSEND = YES;
				GCC_C_LANGUAGE_STANDARD = gnu99;
				GCC_WARN_64_TO_32_BIT_CONVERSION = YES;
				GCC_WARN_ABOUT_RETURN_TYPE = YES_ERROR;
				GCC_WARN_UNDECLARED_SELECTOR = YES;
				GCC_WARN_UNINITIALIZED_AUTOS = YES_AGGRESSIVE;
				GCC_WARN_UNUSED_FUNCTION = YES;
				GCC_WARN_UNUSED_VARIABLE = YES;
				IPHONEOS_DEPLOYMENT_TARGET = 8.0;
				MTL_ENABLE_DEBUG_INFO = NO;
				SDKROOT = iphoneos;
				VALIDATE_PRODUCT = YES;
			};
			name = Release;
		};
		F56E0A4519D2A40C00B6CA1F /* Debug */ = {
			isa = XCBuildConfiguration;
			baseConfigurationReference = C9A2A0BD089C4227969763E8 /* Pods.xcconfig */;
			buildSettings = {
				ASSETCATALOG_COMPILER_APPICON_NAME = AppIcon;
				INFOPLIST_FILE = eIndberetning/Info.plist;
				LD_RUNPATH_SEARCH_PATHS = "$(inherited) @executable_path/Frameworks";
				PRODUCT_NAME = "$(TARGET_NAME)";
			};
			name = Debug;
		};
		F56E0A4619D2A40C00B6CA1F /* Release */ = {
			isa = XCBuildConfiguration;
			baseConfigurationReference = C9A2A0BD089C4227969763E8 /* Pods.xcconfig */;
			buildSettings = {
				ASSETCATALOG_COMPILER_APPICON_NAME = AppIcon;
				INFOPLIST_FILE = eIndberetning/Info.plist;
				LD_RUNPATH_SEARCH_PATHS = "$(inherited) @executable_path/Frameworks";
				PRODUCT_NAME = "$(TARGET_NAME)";
			};
			name = Release;
		};
		F56E0A4819D2A40C00B6CA1F /* Debug */ = {
			isa = XCBuildConfiguration;
			buildSettings = {
				BUNDLE_LOADER = "$(TEST_HOST)";
				FRAMEWORK_SEARCH_PATHS = (
					"$(SDKROOT)/Developer/Library/Frameworks",
					"$(inherited)",
				);
				GCC_PREPROCESSOR_DEFINITIONS = (
					"DEBUG=1",
					"$(inherited)",
				);
				INFOPLIST_FILE = eIndberetningTests/Info.plist;
				LD_RUNPATH_SEARCH_PATHS = "$(inherited) @executable_path/Frameworks @loader_path/Frameworks";
				PRODUCT_NAME = "$(TARGET_NAME)";
				TEST_HOST = "$(BUILT_PRODUCTS_DIR)/eIndberetning.app/eIndberetning";
			};
			name = Debug;
		};
		F56E0A4919D2A40C00B6CA1F /* Release */ = {
			isa = XCBuildConfiguration;
			buildSettings = {
				BUNDLE_LOADER = "$(TEST_HOST)";
				FRAMEWORK_SEARCH_PATHS = (
					"$(SDKROOT)/Developer/Library/Frameworks",
					"$(inherited)",
				);
				INFOPLIST_FILE = eIndberetningTests/Info.plist;
				LD_RUNPATH_SEARCH_PATHS = "$(inherited) @executable_path/Frameworks @loader_path/Frameworks";
				PRODUCT_NAME = "$(TARGET_NAME)";
				TEST_HOST = "$(BUILT_PRODUCTS_DIR)/eIndberetning.app/eIndberetning";
			};
			name = Release;
		};
/* End XCBuildConfiguration section */

/* Begin XCConfigurationList section */
		F56E0A1919D2A40C00B6CA1F /* Build configuration list for PBXProject "eIndberetning" */ = {
			isa = XCConfigurationList;
			buildConfigurations = (
				F56E0A4219D2A40C00B6CA1F /* Debug */,
				F56E0A4319D2A40C00B6CA1F /* Release */,
			);
			defaultConfigurationIsVisible = 0;
			defaultConfigurationName = Release;
		};
		F56E0A4419D2A40C00B6CA1F /* Build configuration list for PBXNativeTarget "eIndberetning" */ = {
			isa = XCConfigurationList;
			buildConfigurations = (
				F56E0A4519D2A40C00B6CA1F /* Debug */,
				F56E0A4619D2A40C00B6CA1F /* Release */,
			);
			defaultConfigurationIsVisible = 0;
			defaultConfigurationName = Release;
		};
		F56E0A4719D2A40C00B6CA1F /* Build configuration list for PBXNativeTarget "eIndberetningTests" */ = {
			isa = XCConfigurationList;
			buildConfigurations = (
				F56E0A4819D2A40C00B6CA1F /* Debug */,
				F56E0A4919D2A40C00B6CA1F /* Release */,
			);
			defaultConfigurationIsVisible = 0;
			defaultConfigurationName = Release;
		};
/* End XCConfigurationList section */

/* Begin XCVersionGroup section */
		F56E0A2819D2A40C00B6CA1F /* eIndberetning.xcdatamodeld */ = {
			isa = XCVersionGroup;
			children = (
				F56E0A2919D2A40C00B6CA1F /* eIndberetning.xcdatamodel */,
			);
			currentVersion = F56E0A2919D2A40C00B6CA1F /* eIndberetning.xcdatamodel */;
			path = eIndberetning.xcdatamodeld;
			sourceTree = "<group>";
			versionGroupType = wrapper.xcdatamodel;
		};
/* End XCVersionGroup section */
	};
	rootObject = F56E0A1619D2A40C00B6CA1F /* Project object */;
}
